// !$*UTF8*$!
{
	archiveVersion = 1;
	classes = {
	};
	objectVersion = 70;
	objects = {

/* Begin PBXBuildFile section */
		1498D2341E8E89220040F4C2 /* GeneratedPluginRegistrant.m in Sources */ = {isa = PBXBuildFile; fileRef = 1498D2331E8E89220040F4C2 /* GeneratedPluginRegistrant.m */; };
		183F16DE212BB5E0C27FCD76 /* SocialMeshWatch.app in Embed Watch Content */ = {isa = PBXBuildFile; fileRef = 15B1B5C311A2D2A7EB10695E /* SocialMeshWatch.app */; settings = {ATTRIBUTES = (CodeSignOnCopy, RemoveHeadersOnCopy, ); }; };
		185BE9088397E5C649031A01 /* Assets.xcassets in Resources */ = {isa = PBXBuildFile; fileRef = 1DE574B90CEAC3698FDDCCB9 /* Assets.xcassets */; };
		1B1BAF1ABCD21D26BA483BE4 /* WatchConnectivityManager.swift in Sources */ = {isa = PBXBuildFile; fileRef = 01E3CE2E4BB311147F5157D7 /* WatchConnectivityManager.swift */; };
		1BD28693D18040020AB2C32C /* SharedContainer.swift in Sources */ = {isa = PBXBuildFile; fileRef = 90F3A34F9227F64489FE04B4 /* SharedContainer.swift */; };
		1DB2F1309E481576C45308A0 /* WatchSnapshot.swift in Sources */ = {isa = PBXBuildFile; fileRef = 9AA34C079969D175E704E52D /* WatchSnapshot.swift */; };
		30C93E22396F57AF33A9F084 /* ChannelPickerView.swift in Sources */ = {isa = PBXBuildFile; fileRef = 3D386C32858D5CB580A1B890 /* ChannelPickerView.swift */; };
		331C808B294A63AB00263BE5 /* RunnerTests.swift in Sources */ = {isa = PBXBuildFile; fileRef = 331C807B294A618700263BE5 /* RunnerTests.swift */; };
		35DAD9DE3AD7D8130F7CAD3C /* Foundation.framework in Frameworks */ = {isa = PBXBuildFile; fileRef = F5930FF2E1D7DCBC3D416C01 /* Foundation.framework */; };
		376EF8DDA00E098703C86195 /* InboxView.swift in Sources */ = {isa = PBXBuildFile; fileRef = C6383323257C943D0B3664D6 /* InboxView.swift */; };
		383C04B43512B23878A24034 /* Pods_Runner.framework in Frameworks */ = {isa = PBXBuildFile; fileRef = 086144CADDD33946257DB070 /* Pods_Runner.framework */; };
		38480AA0C06D16D085D18FD8 /* SharedContainer.swift in Sources */ = {isa = PBXBuildFile; fileRef = 90F3A34F9227F64489FE04B4 /* SharedContainer.swift */; };
		386029B53AD8B262C9E35529 /* WatchCompanionLogger.swift in Sources */ = {isa = PBXBuildFile; fileRef = 6C77513A7C0D2613F64C0311 /* WatchCompanionLogger.swift */; };
		3A7207EA1B04F4B229F27BDC /* QuickMessageView.swift in Sources */ = {isa = PBXBuildFile; fileRef = C4CAC49F2E17EC77F96F453D /* QuickMessageView.swift */; };
		3B3967161E833CAA004F5970 /* AppFrameworkInfo.plist in Resources */ = {isa = PBXBuildFile; fileRef = 3B3967151E833CAA004F5970 /* AppFrameworkInfo.plist */; };
		40CA86D6D85BD8895FD3533B /* WatchIntentResult.swift in Sources */ = {isa = PBXBuildFile; fileRef = 1B4A35DAB251E0F520DE190F /* WatchIntentResult.swift */; };
		463093F417B746C1DF81663E /* Intents.framework in Frameworks */ = {isa = PBXBuildFile; fileRef = CB40CE046BA0CD6C3D58600C /* Intents.framework */; };
		4903A777BE1D0ADAF541DBE3 /* UnavailableView.swift in Sources */ = {isa = PBXBuildFile; fileRef = B9DE29609EA34A5528BDB600 /* UnavailableView.swift */; };
		5EDAF0889B4512A1AC8D6BE1 /* sip_handshake_accepted.caf in Resources */ = {isa = PBXBuildFile; fileRef = EC8278F02D47C99F8BEC115B /* sip_handshake_accepted.caf */; };
		66D48815D2741E6097F3D434 /* sip_handshake_request.caf in Resources */ = {isa = PBXBuildFile; fileRef = 82126BB40327C4B92161BACD /* sip_handshake_request.caf */; };
		723EEA6702A74BE1E601EB01 /* Foundation.framework in Frameworks */ = {isa = PBXBuildFile; fileRef = 35A8DC3F136572F6A2978C56 /* Foundation.framework */; };
		74858FAF1ED2DC5600515810 /* AppDelegate.swift in Sources */ = {isa = PBXBuildFile; fileRef = 74858FAE1ED2DC5600515810 /* AppDelegate.swift */; };
		825D564F5F2F1723A24700C4 /* WatchCompanionCodec.swift in Sources */ = {isa = PBXBuildFile; fileRef = C6E64F927859BB383A71156B /* WatchCompanionCodec.swift */; };
		860D456DBBDF3DF9E95F3608 /* RootView.swift in Sources */ = {isa = PBXBuildFile; fileRef = 58F41A30827CD07F64F79AA9 /* RootView.swift */; };
		89C763C1050CBBD9EC5105DB /* WatchCompanionBridge.swift in Sources */ = {isa = PBXBuildFile; fileRef = 207060DC7251ABBE1DD4FCCB /* WatchCompanionBridge.swift */; };
		97C146FC1CF9000F007C117D /* Main.storyboard in Resources */ = {isa = PBXBuildFile; fileRef = 97C146FA1CF9000F007C117D /* Main.storyboard */; };
		97C146FE1CF9000F007C117D /* Assets.xcassets in Resources */ = {isa = PBXBuildFile; fileRef = 97C146FD1CF9000F007C117D /* Assets.xcassets */; };
		97C147011CF9000F007C117D /* LaunchScreen.storyboard in Resources */ = {isa = PBXBuildFile; fileRef = 97C146FF1CF9000F007C117D /* LaunchScreen.storyboard */; };
		9C6704C8C9447731D108BE76 /* CarPlayIntents.appex in Embed Foundation Extensions */ = {isa = PBXBuildFile; fileRef = 7C0B77ECEB9AB4AF0E5346C0 /* CarPlayIntents.appex */; settings = {ATTRIBUTES = (RemoveHeadersOnCopy, ); }; };
		A2F94733B66DF1EDD204E054 /* WatchIntent.swift in Sources */ = {isa = PBXBuildFile; fileRef = 69ECD66A678088B1F1781BC6 /* WatchIntent.swift */; };
		A4F5E6D7C8B9A0F1E2D3C4B5 /* PrivacyInfo.xcprivacy in Resources */ = {isa = PBXBuildFile; fileRef = B5C4D3E2F1A0B9C8D7E6F5A4 /* PrivacyInfo.xcprivacy */; };
		AI0001012024120800000001 /* AppIntentErrors.swift in Sources */ = {isa = PBXBuildFile; fileRef = AI0001012024120800000010 /* AppIntentErrors.swift */; };
		AI00010120241208000000010 /* ShortcutsProvider.swift in Sources */ = {isa = PBXBuildFile; fileRef = AI00010120241208000000100 /* ShortcutsProvider.swift */; };
		AI00010120241208000000011 /* RunAutomationIntent.swift in Sources */ = {isa = PBXBuildFile; fileRef = AI00010120241208000000110 /* RunAutomationIntent.swift */; };
		AI00010120241208000000012 /* ShutDownNodeIntent.swift in Sources */ = {isa = PBXBuildFile; fileRef = AI00010120241208000000120 /* ShutDownNodeIntent.swift */; };
		AI00010120241208000000013 /* RestartNodeIntent.swift in Sources */ = {isa = PBXBuildFile; fileRef = AI00010120241208000000130 /* RestartNodeIntent.swift */; };
		AI00010120241208000000014 /* DisconnectNodeIntent.swift in Sources */ = {isa = PBXBuildFile; fileRef = AI00010120241208000000140 /* DisconnectNodeIntent.swift */; };
		AI00010120241208000000015 /* TracerouteIntent.swift in Sources */ = {isa = PBXBuildFile; fileRef = AI00010120241208000000150 /* TracerouteIntent.swift */; };
		AI0001012024120800000002 /* AppIntentsManager.swift in Sources */ = {isa = PBXBuildFile; fileRef = AI0001012024120800000020 /* AppIntentsManager.swift */; };
		AI0001012024120800000003 /* SendMessageIntent.swift in Sources */ = {isa = PBXBuildFile; fileRef = AI0001012024120800000030 /* SendMessageIntent.swift */; };
		AI0001012024120800000004 /* SendChannelMessageIntent.swift in Sources */ = {isa = PBXBuildFile; fileRef = AI0001012024120800000040 /* SendChannelMessageIntent.swift */; };
		AI0001012024120800000005 /* GetNodeStatusIntent.swift in Sources */ = {isa = PBXBuildFile; fileRef = AI0001012024120800000050 /* GetNodeStatusIntent.swift */; };
		AI0001012024120800000006 /* GetOnlineNodesIntent.swift in Sources */ = {isa = PBXBuildFile; fileRef = AI0001012024120800000060 /* GetOnlineNodesIntent.swift */; };
		AI0001012024120800000007 /* OpenNodeIntent.swift in Sources */ = {isa = PBXBuildFile; fileRef = AI0001012024120800000070 /* OpenNodeIntent.swift */; };
		AI0001012024120800000008 /* OpenMapIntent.swift in Sources */ = {isa = PBXBuildFile; fileRef = AI0001012024120800000080 /* OpenMapIntent.swift */; };
		AI0001012024120800000009 /* OpenMessagesIntent.swift in Sources */ = {isa = PBXBuildFile; fileRef = AI0001012024120800000090 /* OpenMessagesIntent.swift */; };
		B90D72408AFD5B467E6CA6A7 /* WatchConnectivity.framework in Frameworks */ = {isa = PBXBuildFile; fileRef = 18BF47B0FEEEB85611CED697 /* WatchConnectivity.framework */; };
		BB540D0117DE198FC429CB4F /* Pods_RunnerTests.framework in Frameworks */ = {isa = PBXBuildFile; fileRef = 98B546599890E89A86B6BADF /* Pods_RunnerTests.framework */; };
		BD01B77A2F32F9D0004EA220 /* AdSupport.framework in Frameworks */ = {isa = PBXBuildFile; fileRef = BD01B7792F32F9D0004EA220 /* AdSupport.framework */; };
		BD61F0312EDD022E00456D75 /* WidgetKit.framework in Frameworks */ = {isa = PBXBuildFile; fileRef = BD61F0302EDD022E00456D75 /* WidgetKit.framework */; };
		BD61F0332EDD022E00456D75 /* SwiftUI.framework in Frameworks */ = {isa = PBXBuildFile; fileRef = BD61F0322EDD022E00456D75 /* SwiftUI.framework */; };
		BD61F0422EDD022F00456D75 /* SocialmeshWidgetsExtension.appex in Embed Foundation Extensions */ = {isa = PBXBuildFile; fileRef = BD61F02F2EDD022E00456D75 /* SocialmeshWidgetsExtension.appex */; settings = {ATTRIBUTES = (RemoveHeadersOnCopy, ); }; };
		C2C0DEC220260313000000F2 /* Codec2Symbols.c in Sources */ = {isa = PBXBuildFile; fileRef = C2C0DEC220260313000000F1 /* Codec2Symbols.c */; };
		CEB87B8B9E1368AA9C7B7AEC /* NodesView.swift in Sources */ = {isa = PBXBuildFile; fileRef = D244EC97454F3E5B52E85F55 /* NodesView.swift */; };
		D5C1D636C7F2A568A037C3D0 /* GoogleService-Info.plist in Resources */ = {isa = PBXBuildFile; fileRef = BEFF18A377E3CA3D364CF1AB /* GoogleService-Info.plist */; };
		DAE123A98AE5383B50133E1F /* SocialMeshWatchApp.swift in Sources */ = {isa = PBXBuildFile; fileRef = 2EF3516E7B5DE020750D389F /* SocialMeshWatchApp.swift */; };
		DEAA1B73E64596EF83F0313D /* sip_handshake_declined.caf in Resources */ = {isa = PBXBuildFile; fileRef = E2EF6E9623189449B1E7103A /* sip_handshake_declined.caf */; };
		E310A2F8DE73F6FB5E9AB2DC /* WatchSnapshotStore.swift in Sources */ = {isa = PBXBuildFile; fileRef = 27552A30DC4BB14B5896B0E1 /* WatchSnapshotStore.swift */; };
		E3DA58E007D6A6388FB809E7 /* StatusView.swift in Sources */ = {isa = PBXBuildFile; fileRef = E5B16966013C8FEB1A1882A8 /* StatusView.swift */; };
		F3C540B561DF28D0773F30B7 /* CarPlayChannel.swift in Sources */ = {isa = PBXBuildFile; fileRef = D90E6AF4D93119C7B2CD9883 /* CarPlayChannel.swift */; };
		F549456359AF390A978EE46C /* IntentHandler.swift in Sources */ = {isa = PBXBuildFile; fileRef = C866B3618386153A05E54BCD /* IntentHandler.swift */; };
		NSE001012026011200000001 /* NotificationService.swift in Sources */ = {isa = PBXBuildFile; fileRef = NSE001012026011200000010 /* NotificationService.swift */; };
		NSE001012026011200000002 /* NotificationServiceExtension.appex in Embed Foundation Extensions */ = {isa = PBXBuildFile; fileRef = NSE001012026011200000020 /* NotificationServiceExtension.appex */; settings = {ATTRIBUTES = (RemoveHeadersOnCopy, ); }; };
/* End PBXBuildFile section */

/* Begin PBXContainerItemProxy section */
		331C8085294A63A400263BE5 /* PBXContainerItemProxy */ = {
			isa = PBXContainerItemProxy;
			containerPortal = 97C146E61CF9000F007C117D /* Project object */;
			proxyType = 1;
			remoteGlobalIDString = 97C146ED1CF9000F007C117D;
			remoteInfo = Runner;
		};
		A754240D746708EEFB79DA2B /* PBXContainerItemProxy */ = {
			isa = PBXContainerItemProxy;
			containerPortal = 97C146E61CF9000F007C117D /* Project object */;
			proxyType = 1;
			remoteGlobalIDString = 7C5EE8B93CB6FAF1D321AE41;
			remoteInfo = SocialMeshWatch;
		};
		F46EA0AFA95AD59C8697F488 /* PBXContainerItemProxy */ = {
			isa = PBXContainerItemProxy;
			containerPortal = 97C146E61CF9000F007C117D /* Project object */;
			proxyType = 1;
			remoteGlobalIDString = 8745932F68EAA887924CE235;
			remoteInfo = CarPlayIntents;
		};
/* End PBXContainerItemProxy section */

/* Begin PBXCopyFilesBuildPhase section */
		79948208BAC711F143147990 /* Embed Watch Content */ = {
			isa = PBXCopyFilesBuildPhase;
			buildActionMask = 2147483647;
			dstPath = "$(CONTENTS_FOLDER_PATH)/Watch";
			dstSubfolderSpec = 16;
			files = (
				183F16DE212BB5E0C27FCD76 /* SocialMeshWatch.app in Embed Watch Content */,
			);
			name = "Embed Watch Content";
			runOnlyForDeploymentPostprocessing = 0;
		};
		9705A1C41CF9048500538489 /* Embed Frameworks */ = {
			isa = PBXCopyFilesBuildPhase;
			buildActionMask = 2147483647;
			dstPath = "";
			dstSubfolderSpec = 10;
			files = (
			);
			name = "Embed Frameworks";
			runOnlyForDeploymentPostprocessing = 0;
		};
		BD61F0432EDD022F00456D75 /* Embed Foundation Extensions */ = {
			isa = PBXCopyFilesBuildPhase;
			buildActionMask = 2147483647;
			dstPath = "";
			dstSubfolderSpec = 13;
			files = (
				BD61F0422EDD022F00456D75 /* SocialmeshWidgetsExtension.appex in Embed Foundation Extensions */,
				NSE001012026011200000002 /* NotificationServiceExtension.appex in Embed Foundation Extensions */,
				9C6704C8C9447731D108BE76 /* CarPlayIntents.appex in Embed Foundation Extensions */,
			);
			name = "Embed Foundation Extensions";
			runOnlyForDeploymentPostprocessing = 0;
		};
/* End PBXCopyFilesBuildPhase section */

/* Begin PBXFileReference section */
		01E3CE2E4BB311147F5157D7 /* WatchConnectivityManager.swift */ = {isa = PBXFileReference; includeInIndex = 1; lastKnownFileType = sourcecode.swift; path = WatchConnectivityManager.swift; sourceTree = "<group>"; };
		086144CADDD33946257DB070 /* Pods_Runner.framework */ = {isa = PBXFileReference; explicitFileType = wrapper.framework; includeInIndex = 0; path = Pods_Runner.framework; sourceTree = BUILT_PRODUCTS_DIR; };
		1498D2321E8E86230040F4C2 /* GeneratedPluginRegistrant.h */ = {isa = PBXFileReference; lastKnownFileType = sourcecode.c.h; path = GeneratedPluginRegistrant.h; sourceTree = "<group>"; };
		1498D2331E8E89220040F4C2 /* GeneratedPluginRegistrant.m */ = {isa = PBXFileReference; fileEncoding = 4; lastKnownFileType = sourcecode.c.objc; path = GeneratedPluginRegistrant.m; sourceTree = "<group>"; };
		15B1B5C311A2D2A7EB10695E /* SocialMeshWatch.app */ = {isa = PBXFileReference; explicitFileType = wrapper.application; includeInIndex = 0; path = SocialMeshWatch.app; sourceTree = BUILT_PRODUCTS_DIR; };
		18BF47B0FEEEB85611CED697 /* WatchConnectivity.framework */ = {isa = PBXFileReference; lastKnownFileType = wrapper.framework; name = WatchConnectivity.framework; path = System/Library/Frameworks/WatchConnectivity.framework; sourceTree = SDKROOT; };
		1B4A35DAB251E0F520DE190F /* WatchIntentResult.swift */ = {isa = PBXFileReference; includeInIndex = 1; lastKnownFileType = sourcecode.swift; path = WatchIntentResult.swift; sourceTree = "<group>"; };
		1DE574B90CEAC3698FDDCCB9 /* Assets.xcassets */ = {isa = PBXFileReference; includeInIndex = 1; lastKnownFileType = folder.assetcatalog; path = Assets.xcassets; sourceTree = "<group>"; };
		207060DC7251ABBE1DD4FCCB /* WatchCompanionBridge.swift */ = {isa = PBXFileReference; includeInIndex = 1; lastKnownFileType = sourcecode.swift; path = WatchCompanionBridge.swift; sourceTree = "<group>"; };
		27552A30DC4BB14B5896B0E1 /* WatchSnapshotStore.swift */ = {isa = PBXFileReference; includeInIndex = 1; lastKnownFileType = sourcecode.swift; path = WatchSnapshotStore.swift; sourceTree = "<group>"; };
		28698ABB14A3935357B44E3B /* Pods-RunnerTests.profile.xcconfig */ = {isa = PBXFileReference; includeInIndex = 1; lastKnownFileType = text.xcconfig; name = "Pods-RunnerTests.profile.xcconfig"; path = "Target Support Files/Pods-RunnerTests/Pods-RunnerTests.profile.xcconfig"; sourceTree = "<group>"; };
		2EF3516E7B5DE020750D389F /* SocialMeshWatchApp.swift */ = {isa = PBXFileReference; includeInIndex = 1; lastKnownFileType = sourcecode.swift; path = SocialMeshWatchApp.swift; sourceTree = "<group>"; };
		331C807B294A618700263BE5 /* RunnerTests.swift */ = {isa = PBXFileReference; lastKnownFileType = sourcecode.swift; path = RunnerTests.swift; sourceTree = "<group>"; };
		331C8081294A63A400263BE5 /* RunnerTests.xctest */ = {isa = PBXFileReference; explicitFileType = wrapper.cfbundle; includeInIndex = 0; path = RunnerTests.xctest; sourceTree = BUILT_PRODUCTS_DIR; };
		35A8DC3F136572F6A2978C56 /* Foundation.framework */ = {isa = PBXFileReference; lastKnownFileType = wrapper.framework; name = Foundation.framework; path = Platforms/WatchOS.platform/Developer/SDKs/WatchOS11.0.sdk/System/Library/Frameworks/Foundation.framework; sourceTree = DEVELOPER_DIR; };
		3B3967151E833CAA004F5970 /* AppFrameworkInfo.plist */ = {isa = PBXFileReference; fileEncoding = 4; lastKnownFileType = text.plist.xml; name = AppFrameworkInfo.plist; path = Flutter/AppFrameworkInfo.plist; sourceTree = "<group>"; };
		3D386C32858D5CB580A1B890 /* ChannelPickerView.swift */ = {isa = PBXFileReference; includeInIndex = 1; lastKnownFileType = sourcecode.swift; path = ChannelPickerView.swift; sourceTree = "<group>"; };
		47A917743F65CECDF320C2C4 /* Info.plist */ = {isa = PBXFileReference; includeInIndex = 1; lastKnownFileType = text.plist.xml; path = Info.plist; sourceTree = "<group>"; };
		58F41A30827CD07F64F79AA9 /* RootView.swift */ = {isa = PBXFileReference; includeInIndex = 1; lastKnownFileType = sourcecode.swift; path = RootView.swift; sourceTree = "<group>"; };
		5C015155113781567DE56738 /* Pods-RunnerTests.debug.xcconfig */ = {isa = PBXFileReference; includeInIndex = 1; lastKnownFileType = text.xcconfig; name = "Pods-RunnerTests.debug.xcconfig"; path = "Target Support Files/Pods-RunnerTests/Pods-RunnerTests.debug.xcconfig"; sourceTree = "<group>"; };
		69ECD66A678088B1F1781BC6 /* WatchIntent.swift */ = {isa = PBXFileReference; includeInIndex = 1; lastKnownFileType = sourcecode.swift; path = WatchIntent.swift; sourceTree = "<group>"; };
		6C77513A7C0D2613F64C0311 /* WatchCompanionLogger.swift */ = {isa = PBXFileReference; includeInIndex = 1; lastKnownFileType = sourcecode.swift; path = WatchCompanionLogger.swift; sourceTree = "<group>"; };
		74858FAD1ED2DC5600515810 /* Runner-Bridging-Header.h */ = {isa = PBXFileReference; lastKnownFileType = sourcecode.c.h; path = "Runner-Bridging-Header.h"; sourceTree = "<group>"; };
		74858FAE1ED2DC5600515810 /* AppDelegate.swift */ = {isa = PBXFileReference; fileEncoding = 4; lastKnownFileType = sourcecode.swift; path = AppDelegate.swift; sourceTree = "<group>"; };
		7AFA3C8E1D35360C0083082E /* Release.xcconfig */ = {isa = PBXFileReference; lastKnownFileType = text.xcconfig; name = Release.xcconfig; path = Flutter/Release.xcconfig; sourceTree = "<group>"; };
		7C0B77ECEB9AB4AF0E5346C0 /* CarPlayIntents.appex */ = {isa = PBXFileReference; explicitFileType = "wrapper.app-extension"; includeInIndex = 0; path = CarPlayIntents.appex; sourceTree = BUILT_PRODUCTS_DIR; };
		82126BB40327C4B92161BACD /* sip_handshake_request.caf */ = {isa = PBXFileReference; includeInIndex = 1; lastKnownFileType = file; path = sip_handshake_request.caf; sourceTree = "<group>"; };
		82AA7876A5F55927118F68AC /* CarPlayIntents.entitlements */ = {isa = PBXFileReference; includeInIndex = 1; lastKnownFileType = text.plist.entitlements; path = CarPlayIntents.entitlements; sourceTree = "<group>"; };
		90F3A34F9227F64489FE04B4 /* SharedContainer.swift */ = {isa = PBXFileReference; includeInIndex = 1; lastKnownFileType = sourcecode.swift; path = SharedContainer.swift; sourceTree = "<group>"; };
		9740EEB21CF90195004384FC /* Debug.xcconfig */ = {isa = PBXFileReference; fileEncoding = 4; lastKnownFileType = text.xcconfig; name = Debug.xcconfig; path = Flutter/Debug.xcconfig; sourceTree = "<group>"; };
		9740EEB31CF90195004384FC /* Generated.xcconfig */ = {isa = PBXFileReference; fileEncoding = 4; lastKnownFileType = text.xcconfig; name = Generated.xcconfig; path = Flutter/Generated.xcconfig; sourceTree = "<group>"; };
		97C146EE1CF9000F007C117D /* Runner.app */ = {isa = PBXFileReference; explicitFileType = wrapper.application; includeInIndex = 0; path = Runner.app; sourceTree = BUILT_PRODUCTS_DIR; };
		97C146FB1CF9000F007C117D /* Base */ = {isa = PBXFileReference; lastKnownFileType = file.storyboard; name = Base; path = Base.lproj/Main.storyboard; sourceTree = "<group>"; };
		97C146FD1CF9000F007C117D /* Assets.xcassets */ = {isa = PBXFileReference; lastKnownFileType = folder.assetcatalog; path = Assets.xcassets; sourceTree = "<group>"; };
		97C147001CF9000F007C117D /* Base */ = {isa = PBXFileReference; lastKnownFileType = file.storyboard; name = Base; path = Base.lproj/LaunchScreen.storyboard; sourceTree = "<group>"; };
		97C147021CF9000F007C117D /* Info.plist */ = {isa = PBXFileReference; lastKnownFileType = text.plist.xml; path = Info.plist; sourceTree = "<group>"; };
		98B546599890E89A86B6BADF /* Pods_RunnerTests.framework */ = {isa = PBXFileReference; explicitFileType = wrapper.framework; includeInIndex = 0; path = Pods_RunnerTests.framework; sourceTree = BUILT_PRODUCTS_DIR; };
		9AA34C079969D175E704E52D /* WatchSnapshot.swift */ = {isa = PBXFileReference; includeInIndex = 1; lastKnownFileType = sourcecode.swift; path = WatchSnapshot.swift; sourceTree = "<group>"; };
		A1D16ABD6103CC58C59B0DD8 /* Pods-RunnerTests.release.xcconfig */ = {isa = PBXFileReference; includeInIndex = 1; lastKnownFileType = text.xcconfig; name = "Pods-RunnerTests.release.xcconfig"; path = "Target Support Files/Pods-RunnerTests/Pods-RunnerTests.release.xcconfig"; sourceTree = "<group>"; };
		AI0001012024120800000010 /* AppIntentErrors.swift */ = {isa = PBXFileReference; lastKnownFileType = sourcecode.swift; path = AppIntentErrors.swift; sourceTree = "<group>"; };
		AI00010120241208000000100 /* ShortcutsProvider.swift */ = {isa = PBXFileReference; lastKnownFileType = sourcecode.swift; path = ShortcutsProvider.swift; sourceTree = "<group>"; };
		AI00010120241208000000110 /* RunAutomationIntent.swift */ = {isa = PBXFileReference; lastKnownFileType = sourcecode.swift; path = RunAutomationIntent.swift; sourceTree = "<group>"; };
		AI00010120241208000000120 /* ShutDownNodeIntent.swift */ = {isa = PBXFileReference; lastKnownFileType = sourcecode.swift; path = ShutDownNodeIntent.swift; sourceTree = "<group>"; };
		AI00010120241208000000130 /* RestartNodeIntent.swift */ = {isa = PBXFileReference; lastKnownFileType = sourcecode.swift; path = RestartNodeIntent.swift; sourceTree = "<group>"; };
		AI00010120241208000000140 /* DisconnectNodeIntent.swift */ = {isa = PBXFileReference; lastKnownFileType = sourcecode.swift; path = DisconnectNodeIntent.swift; sourceTree = "<group>"; };
		AI00010120241208000000150 /* TracerouteIntent.swift */ = {isa = PBXFileReference; lastKnownFileType = sourcecode.swift; path = TracerouteIntent.swift; sourceTree = "<group>"; };
		AI0001012024120800000020 /* AppIntentsManager.swift */ = {isa = PBXFileReference; lastKnownFileType = sourcecode.swift; path = AppIntentsManager.swift; sourceTree = "<group>"; };
		AI0001012024120800000030 /* SendMessageIntent.swift */ = {isa = PBXFileReference; lastKnownFileType = sourcecode.swift; path = SendMessageIntent.swift; sourceTree = "<group>"; };
		AI0001012024120800000040 /* SendChannelMessageIntent.swift */ = {isa = PBXFileReference; lastKnownFileType = sourcecode.swift; path = SendChannelMessageIntent.swift; sourceTree = "<group>"; };
		AI0001012024120800000050 /* GetNodeStatusIntent.swift */ = {isa = PBXFileReference; lastKnownFileType = sourcecode.swift; path = GetNodeStatusIntent.swift; sourceTree = "<group>"; };
		AI0001012024120800000060 /* GetOnlineNodesIntent.swift */ = {isa = PBXFileReference; lastKnownFileType = sourcecode.swift; path = GetOnlineNodesIntent.swift; sourceTree = "<group>"; };
		AI0001012024120800000070 /* OpenNodeIntent.swift */ = {isa = PBXFileReference; lastKnownFileType = sourcecode.swift; path = OpenNodeIntent.swift; sourceTree = "<group>"; };
		AI0001012024120800000080 /* OpenMapIntent.swift */ = {isa = PBXFileReference; lastKnownFileType = sourcecode.swift; path = OpenMapIntent.swift; sourceTree = "<group>"; };
		AI0001012024120800000090 /* OpenMessagesIntent.swift */ = {isa = PBXFileReference; lastKnownFileType = sourcecode.swift; path = OpenMessagesIntent.swift; sourceTree = "<group>"; };
		B5C4D3E2F1A0B9C8D7E6F5A4 /* PrivacyInfo.xcprivacy */ = {isa = PBXFileReference; lastKnownFileType = text.xml; path = PrivacyInfo.xcprivacy; sourceTree = "<group>"; };
		B9DE29609EA34A5528BDB600 /* UnavailableView.swift */ = {isa = PBXFileReference; includeInIndex = 1; lastKnownFileType = sourcecode.swift; path = UnavailableView.swift; sourceTree = "<group>"; };
		BC8DE48014C7C6A055684E9E /* Pods-Runner.release.xcconfig */ = {isa = PBXFileReference; includeInIndex = 1; lastKnownFileType = text.xcconfig; name = "Pods-Runner.release.xcconfig"; path = "Target Support Files/Pods-Runner/Pods-Runner.release.xcconfig"; sourceTree = "<group>"; };
		BD01B7792F32F9D0004EA220 /* AdSupport.framework */ = {isa = PBXFileReference; lastKnownFileType = wrapper.framework; name = AdSupport.framework; path = System/Library/Frameworks/AdSupport.framework; sourceTree = SDKROOT; };
		BD61F02F2EDD022E00456D75 /* SocialmeshWidgetsExtension.appex */ = {isa = PBXFileReference; explicitFileType = "wrapper.app-extension"; includeInIndex = 0; path = SocialmeshWidgetsExtension.appex; sourceTree = BUILT_PRODUCTS_DIR; };
		BD61F0302EDD022E00456D75 /* WidgetKit.framework */ = {isa = PBXFileReference; lastKnownFileType = wrapper.framework; name = WidgetKit.framework; path = System/Library/Frameworks/WidgetKit.framework; sourceTree = SDKROOT; };
		BD61F0322EDD022E00456D75 /* SwiftUI.framework */ = {isa = PBXFileReference; lastKnownFileType = wrapper.framework; name = SwiftUI.framework; path = System/Library/Frameworks/SwiftUI.framework; sourceTree = SDKROOT; };
		BDE822F72EDD030000DE666E /* Runner.entitlements */ = {isa = PBXFileReference; lastKnownFileType = text.plist.entitlements; path = Runner.entitlements; sourceTree = "<group>"; };
		BDE822F82EDD033500DE666E /* SocialmeshWidgetsExtension.entitlements */ = {isa = PBXFileReference; lastKnownFileType = text.plist.entitlements; path = SocialmeshWidgetsExtension.entitlements; sourceTree = "<group>"; };
		BEFF18A377E3CA3D364CF1AB /* GoogleService-Info.plist */ = {isa = PBXFileReference; includeInIndex = 1; lastKnownFileType = text.plist.xml; name = "GoogleService-Info.plist"; path = "Runner/GoogleService-Info.plist"; sourceTree = "<group>"; };
		C2C0DEC220260313000000F1 /* Codec2Symbols.c */ = {isa = PBXFileReference; fileEncoding = 4; lastKnownFileType = sourcecode.c.c; path = Codec2Symbols.c; sourceTree = "<group>"; };
		C4CAC49F2E17EC77F96F453D /* QuickMessageView.swift */ = {isa = PBXFileReference; includeInIndex = 1; lastKnownFileType = sourcecode.swift; path = QuickMessageView.swift; sourceTree = "<group>"; };
		C6383323257C943D0B3664D6 /* InboxView.swift */ = {isa = PBXFileReference; includeInIndex = 1; lastKnownFileType = sourcecode.swift; path = InboxView.swift; sourceTree = "<group>"; };
		C6E64F927859BB383A71156B /* WatchCompanionCodec.swift */ = {isa = PBXFileReference; includeInIndex = 1; lastKnownFileType = sourcecode.swift; path = WatchCompanionCodec.swift; sourceTree = "<group>"; };
		C866B3618386153A05E54BCD /* IntentHandler.swift */ = {isa = PBXFileReference; includeInIndex = 1; lastKnownFileType = sourcecode.swift; path = IntentHandler.swift; sourceTree = "<group>"; };
		CB40CE046BA0CD6C3D58600C /* Intents.framework */ = {isa = PBXFileReference; lastKnownFileType = wrapper.framework; name = Intents.framework; path = Platforms/iPhoneOS.platform/Developer/SDKs/iPhoneOS18.0.sdk/System/Library/Frameworks/Intents.framework; sourceTree = DEVELOPER_DIR; };
		D244EC97454F3E5B52E85F55 /* NodesView.swift */ = {isa = PBXFileReference; includeInIndex = 1; lastKnownFileType = sourcecode.swift; path = NodesView.swift; sourceTree = "<group>"; };
		D3465C317F5D107C6D2AA20D /* Pods-Runner.debug.xcconfig */ = {isa = PBXFileReference; includeInIndex = 1; lastKnownFileType = text.xcconfig; name = "Pods-Runner.debug.xcconfig"; path = "Target Support Files/Pods-Runner/Pods-Runner.debug.xcconfig"; sourceTree = "<group>"; };
		D8CB7BB13DF7ED035C9A0469 /* Pods-Runner.profile.xcconfig */ = {isa = PBXFileReference; includeInIndex = 1; lastKnownFileType = text.xcconfig; name = "Pods-Runner.profile.xcconfig"; path = "Target Support Files/Pods-Runner/Pods-Runner.profile.xcconfig"; sourceTree = "<group>"; };
		D90E6AF4D93119C7B2CD9883 /* CarPlayChannel.swift */ = {isa = PBXFileReference; includeInIndex = 1; lastKnownFileType = sourcecode.swift; path = CarPlayChannel.swift; sourceTree = "<group>"; };
		E2EF6E9623189449B1E7103A /* sip_handshake_declined.caf */ = {isa = PBXFileReference; includeInIndex = 1; lastKnownFileType = file; path = sip_handshake_declined.caf; sourceTree = "<group>"; };
		E5B16966013C8FEB1A1882A8 /* StatusView.swift */ = {isa = PBXFileReference; includeInIndex = 1; lastKnownFileType = sourcecode.swift; path = StatusView.swift; sourceTree = "<group>"; };
		EC8278F02D47C99F8BEC115B /* sip_handshake_accepted.caf */ = {isa = PBXFileReference; includeInIndex = 1; lastKnownFileType = file; path = sip_handshake_accepted.caf; sourceTree = "<group>"; };
		F5930FF2E1D7DCBC3D416C01 /* Foundation.framework */ = {isa = PBXFileReference; lastKnownFileType = wrapper.framework; name = Foundation.framework; path = Platforms/iPhoneOS.platform/Developer/SDKs/iPhoneOS18.0.sdk/System/Library/Frameworks/Foundation.framework; sourceTree = DEVELOPER_DIR; };
		NSE001012026011200000010 /* NotificationService.swift */ = {isa = PBXFileReference; lastKnownFileType = sourcecode.swift; path = NotificationService.swift; sourceTree = "<group>"; };
		NSE001012026011200000011 /* Info.plist */ = {isa = PBXFileReference; lastKnownFileType = text.plist.xml; path = Info.plist; sourceTree = "<group>"; };
		NSE001012026011200000012 /* NotificationServiceExtension.entitlements */ = {isa = PBXFileReference; lastKnownFileType = text.plist.entitlements; path = NotificationServiceExtension.entitlements; sourceTree = "<group>"; };
		NSE001012026011200000020 /* NotificationServiceExtension.appex */ = {isa = PBXFileReference; explicitFileType = "wrapper.app-extension"; includeInIndex = 0; path = NotificationServiceExtension.appex; sourceTree = BUILT_PRODUCTS_DIR; };
/* End PBXFileReference section */

/* Begin PBXFileSystemSynchronizedBuildFileExceptionSet section */
		BD61F0342EDD022E00456D76 /* Exceptions for "SocialmeshWidgets" folder in "SocialmeshWidgetsExtension" target */ = {
			isa = PBXFileSystemSynchronizedBuildFileExceptionSet;
			membershipExceptions = (
				Info.plist,
			);
			target = BD61F02E2EDD022E00456D75 /* SocialmeshWidgetsExtension */;
		};
/* End PBXFileSystemSynchronizedBuildFileExceptionSet section */

/* Begin PBXFileSystemSynchronizedRootGroup section */
		BD61F0342EDD022E00456D75 /* SocialmeshWidgets */ = {
			isa = PBXFileSystemSynchronizedRootGroup;
			exceptions = (
				BD61F0342EDD022E00456D76 /* Exceptions for "SocialmeshWidgets" folder in "SocialmeshWidgetsExtension" target */,
			);
			explicitFileTypes = {
			};
			explicitFolders = (
			);
			path = SocialmeshWidgets;
			sourceTree = "<group>";
		};
/* End PBXFileSystemSynchronizedRootGroup section */

/* Begin PBXFrameworksBuildPhase section */
		029DA04CBC70F0B5493F5C19 /* Frameworks */ = {
			isa = PBXFrameworksBuildPhase;
			buildActionMask = 2147483647;
			files = (
				35DAD9DE3AD7D8130F7CAD3C /* Foundation.framework in Frameworks */,
				463093F417B746C1DF81663E /* Intents.framework in Frameworks */,
			);
			runOnlyForDeploymentPostprocessing = 0;
		};
		6CD46B0378BF0280A0790FC1 /* Frameworks */ = {
			isa = PBXFrameworksBuildPhase;
			buildActionMask = 2147483647;
			files = (
				BB540D0117DE198FC429CB4F /* Pods_RunnerTests.framework in Frameworks */,
			);
			runOnlyForDeploymentPostprocessing = 0;
		};
		97C146EB1CF9000F007C117D /* Frameworks */ = {
			isa = PBXFrameworksBuildPhase;
			buildActionMask = 2147483647;
			files = (
				BD01B77A2F32F9D0004EA220 /* AdSupport.framework in Frameworks */,
				383C04B43512B23878A24034 /* Pods_Runner.framework in Frameworks */,
			);
			runOnlyForDeploymentPostprocessing = 0;
		};
		BD61F02C2EDD022E00456D75 /* Frameworks */ = {
			isa = PBXFrameworksBuildPhase;
			buildActionMask = 2147483647;
			files = (
				BD61F0332EDD022E00456D75 /* SwiftUI.framework in Frameworks */,
				BD61F0312EDD022E00456D75 /* WidgetKit.framework in Frameworks */,
			);
			runOnlyForDeploymentPostprocessing = 0;
		};
		E14AFC267B97D95D8D19E304 /* Frameworks */ = {
			isa = PBXFrameworksBuildPhase;
			buildActionMask = 2147483647;
			files = (
				723EEA6702A74BE1E601EB01 /* Foundation.framework in Frameworks */,
				B90D72408AFD5B467E6CA6A7 /* WatchConnectivity.framework in Frameworks */,
			);
			runOnlyForDeploymentPostprocessing = 0;
		};
		NSE001012026011200000060 /* Frameworks */ = {
			isa = PBXFrameworksBuildPhase;
			buildActionMask = 2147483647;
			files = (
			);
			runOnlyForDeploymentPostprocessing = 0;
		};
/* End PBXFrameworksBuildPhase section */

/* Begin PBXGroup section */
		1867C7ABA2BB5E728AB3FF54 /* Models */ = {
			isa = PBXGroup;
			children = (
				69ECD66A678088B1F1781BC6 /* WatchIntent.swift */,
				1B4A35DAB251E0F520DE190F /* WatchIntentResult.swift */,
				9AA34C079969D175E704E52D /* WatchSnapshot.swift */,
			);
			path = Models;
			sourceTree = "<group>";
		};
		2D45EA00F9156985172BFAC4 /* watchOS */ = {
			isa = PBXGroup;
			children = (
				35A8DC3F136572F6A2978C56 /* Foundation.framework */,
				18BF47B0FEEEB85611CED697 /* WatchConnectivity.framework */,
			);
			name = watchOS;
			sourceTree = "<group>";
		};
		331C8082294A63A400263BE5 /* RunnerTests */ = {
			isa = PBXGroup;
			children = (
				331C807B294A618700263BE5 /* RunnerTests.swift */,
			);
			path = RunnerTests;
			sourceTree = "<group>";
		};
		3D98F52F43A2A538F4B718A0 /* Views */ = {
			isa = PBXGroup;
			children = (
				3D386C32858D5CB580A1B890 /* ChannelPickerView.swift */,
				C6383323257C943D0B3664D6 /* InboxView.swift */,
				D244EC97454F3E5B52E85F55 /* NodesView.swift */,
				C4CAC49F2E17EC77F96F453D /* QuickMessageView.swift */,
				58F41A30827CD07F64F79AA9 /* RootView.swift */,
				E5B16966013C8FEB1A1882A8 /* StatusView.swift */,
				B9DE29609EA34A5528BDB600 /* UnavailableView.swift */,
			);
			path = Views;
			sourceTree = "<group>";
		};
		3E69EED06C1869D015BD23C3 /* CarPlay */ = {
			isa = PBXGroup;
			children = (
				90F3A34F9227F64489FE04B4 /* SharedContainer.swift */,
				D90E6AF4D93119C7B2CD9883 /* CarPlayChannel.swift */,
			);
			name = CarPlay;
			path = CarPlay;
			sourceTree = "<group>";
		};
		857BCCC00B2C903B85A8033B /* CarPlayIntents */ = {
			isa = PBXGroup;
			children = (
				C866B3618386153A05E54BCD /* IntentHandler.swift */,
				47A917743F65CECDF320C2C4 /* Info.plist */,
				82AA7876A5F55927118F68AC /* CarPlayIntents.entitlements */,
			);
			name = CarPlayIntents;
			path = CarPlayIntents;
			sourceTree = SOURCE_ROOT;
		};
		89800D3B87EE50C5A5322C98 /* WatchCompanion */ = {
			isa = PBXGroup;
			children = (
				207060DC7251ABBE1DD4FCCB /* WatchCompanionBridge.swift */,
				C6E64F927859BB383A71156B /* WatchCompanionCodec.swift */,
				6C77513A7C0D2613F64C0311 /* WatchCompanionLogger.swift */,
			);
			path = WatchCompanion;
			sourceTree = "<group>";
		};
		9740EEB11CF90186004384FC /* Flutter */ = {
			isa = PBXGroup;
			children = (
				3B3967151E833CAA004F5970 /* AppFrameworkInfo.plist */,
				9740EEB21CF90195004384FC /* Debug.xcconfig */,
				7AFA3C8E1D35360C0083082E /* Release.xcconfig */,
				9740EEB31CF90195004384FC /* Generated.xcconfig */,
			);
			name = Flutter;
			sourceTree = "<group>";
		};
		97C146E51CF9000F007C117D = {
			isa = PBXGroup;
			children = (
				BDE822F82EDD033500DE666E /* SocialmeshWidgetsExtension.entitlements */,
				9740EEB11CF90186004384FC /* Flutter */,
				97C146F01CF9000F007C117D /* Runner */,
				BD61F0342EDD022E00456D75 /* SocialmeshWidgets */,
				NSE001012026011200000030 /* NotificationServiceExtension */,
				97C146EF1CF9000F007C117D /* Products */,
				331C8082294A63A400263BE5 /* RunnerTests */,
				9D2BE260A89A75ABBC900896 /* Pods */,
				EFDDA3AC0E4C446E71E36131 /* Frameworks */,
				BEFF18A377E3CA3D364CF1AB /* GoogleService-Info.plist */,
				15B1B5C311A2D2A7EB10695E /* SocialMeshWatch.app */,
				B504F992B6325DE10574C635 /* SocialMeshWatch */,
				857BCCC00B2C903B85A8033B /* CarPlayIntents */,
			);
			sourceTree = "<group>";
		};
		97C146EF1CF9000F007C117D /* Products */ = {
			isa = PBXGroup;
			children = (
				97C146EE1CF9000F007C117D /* Runner.app */,
				331C8081294A63A400263BE5 /* RunnerTests.xctest */,
				BD61F02F2EDD022E00456D75 /* SocialmeshWidgetsExtension.appex */,
				NSE001012026011200000020 /* NotificationServiceExtension.appex */,
				7C0B77ECEB9AB4AF0E5346C0 /* CarPlayIntents.appex */,
			);
			name = Products;
			sourceTree = "<group>";
		};
		97C146F01CF9000F007C117D /* Runner */ = {
			isa = PBXGroup;
			children = (
				AI0001012024120800000000 /* AppIntents */,
				BDE822F72EDD030000DE666E /* Runner.entitlements */,
				97C146FA1CF9000F007C117D /* Main.storyboard */,
				97C146FD1CF9000F007C117D /* Assets.xcassets */,
				97C146FF1CF9000F007C117D /* LaunchScreen.storyboard */,
				97C147021CF9000F007C117D /* Info.plist */,
				B5C4D3E2F1A0B9C8D7E6F5A4 /* PrivacyInfo.xcprivacy */,
				1498D2321E8E86230040F4C2 /* GeneratedPluginRegistrant.h */,
				1498D2331E8E89220040F4C2 /* GeneratedPluginRegistrant.m */,
				74858FAE1ED2DC5600515810 /* AppDelegate.swift */,
				74858FAD1ED2DC5600515810 /* Runner-Bridging-Header.h */,
				C2C0DEC220260313000000F1 /* Codec2Symbols.c */,
				82126BB40327C4B92161BACD /* sip_handshake_request.caf */,
				EC8278F02D47C99F8BEC115B /* sip_handshake_accepted.caf */,
				E2EF6E9623189449B1E7103A /* sip_handshake_declined.caf */,
				89800D3B87EE50C5A5322C98 /* WatchCompanion */,
				3E69EED06C1869D015BD23C3 /* CarPlay */,
			);
			path = Runner;
			sourceTree = "<group>";
		};
		9D2BE260A89A75ABBC900896 /* Pods */ = {
			isa = PBXGroup;
			children = (
				D3465C317F5D107C6D2AA20D /* Pods-Runner.debug.xcconfig */,
				BC8DE48014C7C6A055684E9E /* Pods-Runner.release.xcconfig */,
				D8CB7BB13DF7ED035C9A0469 /* Pods-Runner.profile.xcconfig */,
				5C015155113781567DE56738 /* Pods-RunnerTests.debug.xcconfig */,
				A1D16ABD6103CC58C59B0DD8 /* Pods-RunnerTests.release.xcconfig */,
				28698ABB14A3935357B44E3B /* Pods-RunnerTests.profile.xcconfig */,
			);
			path = Pods;
			sourceTree = "<group>";
		};
		A8BEF3F881D55EF5BFAEBF04 /* iOS */ = {
			isa = PBXGroup;
			children = (
				F5930FF2E1D7DCBC3D416C01 /* Foundation.framework */,
				CB40CE046BA0CD6C3D58600C /* Intents.framework */,
			);
			name = iOS;
			sourceTree = "<group>";
		};
		AI0001012024120800000000 /* AppIntents */ = {
			isa = PBXGroup;
			children = (
				AI0001012024120800000010 /* AppIntentErrors.swift */,
				AI0001012024120800000020 /* AppIntentsManager.swift */,
				AI0001012024120800000030 /* SendMessageIntent.swift */,
				AI0001012024120800000040 /* SendChannelMessageIntent.swift */,
				AI0001012024120800000050 /* GetNodeStatusIntent.swift */,
				AI0001012024120800000060 /* GetOnlineNodesIntent.swift */,
				AI0001012024120800000070 /* OpenNodeIntent.swift */,
				AI0001012024120800000080 /* OpenMapIntent.swift */,
				AI0001012024120800000090 /* OpenMessagesIntent.swift */,
				AI00010120241208000000100 /* ShortcutsProvider.swift */,
				AI00010120241208000000110 /* RunAutomationIntent.swift */,
				AI00010120241208000000120 /* ShutDownNodeIntent.swift */,
				AI00010120241208000000130 /* RestartNodeIntent.swift */,
				AI00010120241208000000140 /* DisconnectNodeIntent.swift */,
				AI00010120241208000000150 /* TracerouteIntent.swift */,
			);
			path = AppIntents;
			sourceTree = "<group>";
		};
		B504F992B6325DE10574C635 /* SocialMeshWatch */ = {
			isa = PBXGroup;
			children = (
				1867C7ABA2BB5E728AB3FF54 /* Models */,
				3D98F52F43A2A538F4B718A0 /* Views */,
				2EF3516E7B5DE020750D389F /* SocialMeshWatchApp.swift */,
				01E3CE2E4BB311147F5157D7 /* WatchConnectivityManager.swift */,
				27552A30DC4BB14B5896B0E1 /* WatchSnapshotStore.swift */,
				1DE574B90CEAC3698FDDCCB9 /* Assets.xcassets */,
			);
			path = SocialMeshWatch;
			sourceTree = "<group>";
		};
		EFDDA3AC0E4C446E71E36131 /* Frameworks */ = {
			isa = PBXGroup;
			children = (
				BD01B7792F32F9D0004EA220 /* AdSupport.framework */,
				BD61F0302EDD022E00456D75 /* WidgetKit.framework */,
				BD61F0322EDD022E00456D75 /* SwiftUI.framework */,
				086144CADDD33946257DB070 /* Pods_Runner.framework */,
				98B546599890E89A86B6BADF /* Pods_RunnerTests.framework */,
				2D45EA00F9156985172BFAC4 /* watchOS */,
				A8BEF3F881D55EF5BFAEBF04 /* iOS */,
			);
			name = Frameworks;
			sourceTree = "<group>";
		};
		NSE001012026011200000030 /* NotificationServiceExtension */ = {
			isa = PBXGroup;
			children = (
				NSE001012026011200000010 /* NotificationService.swift */,
				NSE001012026011200000011 /* Info.plist */,
				NSE001012026011200000012 /* NotificationServiceExtension.entitlements */,
			);
			path = NotificationServiceExtension;
			sourceTree = "<group>";
		};
/* End PBXGroup section */

/* Begin PBXNativeTarget section */
		331C8080294A63A400263BE5 /* RunnerTests */ = {
			isa = PBXNativeTarget;
			buildConfigurationList = 331C8087294A63A400263BE5 /* Build configuration list for PBXNativeTarget "RunnerTests" */;
			buildPhases = (
				5595D57A57A997BB8B43BD96 /* [CP] Check Pods Manifest.lock */,
				331C807D294A63A400263BE5 /* Sources */,
				331C807F294A63A400263BE5 /* Resources */,
				6CD46B0378BF0280A0790FC1 /* Frameworks */,
			);
			buildRules = (
			);
			dependencies = (
				331C8086294A63A400263BE5 /* PBXTargetDependency */,
			);
			name = RunnerTests;
			productName = RunnerTests;
			productReference = 331C8081294A63A400263BE5 /* RunnerTests.xctest */;
			productType = "com.apple.product-type.bundle.unit-test";
		};
		7C5EE8B93CB6FAF1D321AE41 /* SocialMeshWatch */ = {
			isa = PBXNativeTarget;
			buildConfigurationList = 42A7656610D8E0F83F82D8A4 /* Build configuration list for PBXNativeTarget "SocialMeshWatch" */;
			buildPhases = (
				A589167EA32F97B04BDA86E0 /* Sources */,
				E14AFC267B97D95D8D19E304 /* Frameworks */,
				451D4BD4B8AF27881E1ECB08 /* Resources */,
			);
			buildRules = (
			);
			dependencies = (
			);
			name = SocialMeshWatch;
			productName = SocialMeshWatch;
			productReference = 15B1B5C311A2D2A7EB10695E /* SocialMeshWatch.app */;
			productType = "com.apple.product-type.application";
		};
		8745932F68EAA887924CE235 /* CarPlayIntents */ = {
			isa = PBXNativeTarget;
			buildConfigurationList = EDAC264C0AA5C8AB455F7CC6 /* Build configuration list for PBXNativeTarget "CarPlayIntents" */;
			buildPhases = (
				FF819236D69EA9C7FF9D8D7C /* Sources */,
				029DA04CBC70F0B5493F5C19 /* Frameworks */,
				CEBE8762FAEEC9D84B8296D4 /* Resources */,
			);
			buildRules = (
			);
			dependencies = (
			);
			name = CarPlayIntents;
			productName = CarPlayIntents;
			productReference = 7C0B77ECEB9AB4AF0E5346C0 /* CarPlayIntents.appex */;
			productType = "com.apple.product-type.app-extension";
		};
		97C146ED1CF9000F007C117D /* Runner */ = {
			isa = PBXNativeTarget;
			buildConfigurationList = 97C147051CF9000F007C117D /* Build configuration list for PBXNativeTarget "Runner" */;
			buildPhases = (
				7E81E37679984CE1F776D301 /* [CP] Check Pods Manifest.lock */,
				19524F3B8ADAD37DB42CB40F /* [SocialMesh] Check native-assets platform */,
				9740EEB61CF901F6004384FC /* Run Script */,
				97C146EA1CF9000F007C117D /* Sources */,
				97C146EB1CF9000F007C117D /* Frameworks */,
				97C146EC1CF9000F007C117D /* Resources */,
				9705A1C41CF9048500538489 /* Embed Frameworks */,
				BD61F0432EDD022F00456D75 /* Embed Foundation Extensions */,
				79948208BAC711F143147990 /* Embed Watch Content */,
				3B06AD1E1E4923F5004D2608 /* Thin Binary */,
				DFB3BF32316542B73400B6C0 /* FlutterFire: "flutterfire upload-crashlytics-symbols" */,
				688DA636C73DEB3A360CE409 /* [CP] Embed Pods Frameworks */,
				33B79513130A668675830E43 /* [CP] Copy Pods Resources */,
				26D800772C6C696E0B1725A7 /* [SocialMesh] Re-sign Embedded Frameworks */,
			);
			buildRules = (
			);
			dependencies = (
				08097EF6F49AB670F8F6FF13 /* PBXTargetDependency */,
				74E05CF4BD85087AB047EDCB /* PBXTargetDependency */,
			);
			name = Runner;
			productName = Runner;
			productReference = 97C146EE1CF9000F007C117D /* Runner.app */;
			productType = "com.apple.product-type.application";
		};
		BD61F02E2EDD022E00456D75 /* SocialmeshWidgetsExtension */ = {
			isa = PBXNativeTarget;
			buildConfigurationList = BD61F0482EDD022F00456D75 /* Build configuration list for PBXNativeTarget "SocialmeshWidgetsExtension" */;
			buildPhases = (
				BD61F02B2EDD022E00456D75 /* Sources */,
				BD61F02C2EDD022E00456D75 /* Frameworks */,
				BD61F02D2EDD022E00456D75 /* Resources */,
			);
			buildRules = (
			);
			dependencies = (
			);
			fileSystemSynchronizedGroups = (
				BD61F0342EDD022E00456D75 /* SocialmeshWidgets */,
			);
			name = SocialmeshWidgetsExtension;
			productName = SocialmeshWidgetsExtension;
			productReference = BD61F02F2EDD022E00456D75 /* SocialmeshWidgetsExtension.appex */;
			productType = "com.apple.product-type.app-extension";
		};
		NSE001012026011200000040 /* NotificationServiceExtension */ = {
			isa = PBXNativeTarget;
			buildConfigurationList = NSE001012026011200000080 /* Build configuration list for PBXNativeTarget "NotificationServiceExtension" */;
			buildPhases = (
				NSE001012026011200000050 /* Sources */,
				NSE001012026011200000060 /* Frameworks */,
				NSE001012026011200000070 /* Resources */,
			);
			buildRules = (
			);
			dependencies = (
			);
			name = NotificationServiceExtension;
			productName = NotificationServiceExtension;
			productReference = NSE001012026011200000020 /* NotificationServiceExtension.appex */;
			productType = "com.apple.product-type.app-extension";
		};
/* End PBXNativeTarget section */

/* Begin PBXProject section */
		97C146E61CF9000F007C117D /* Project object */ = {
			isa = PBXProject;
			attributes = {
				BuildIndependentTargetsInParallel = YES;
				LastSwiftUpdateCheck = 2610;
				LastUpgradeCheck = 1510;
				ORGANIZATIONNAME = "";
				TargetAttributes = {
					331C8080294A63A400263BE5 = {
						CreatedOnToolsVersion = 14.0;
						TestTargetID = 97C146ED1CF9000F007C117D;
					};
					97C146ED1CF9000F007C117D = {
						CreatedOnToolsVersion = 7.3.1;
						LastSwiftMigration = 1100;
					};
					BD61F02E2EDD022E00456D75 = {
						CreatedOnToolsVersion = 26.1.1;
					};
					NSE001012026011200000040 = {
						CreatedOnToolsVersion = 15.0;
					};
				};
			};
			buildConfigurationList = 97C146E91CF9000F007C117D /* Build configuration list for PBXProject "Runner" */;
			compatibilityVersion = "Xcode 9.3";
			developmentRegion = en;
			hasScannedForEncodings = 0;
			knownRegions = (
				en,
				Base,
			);
			mainGroup = 97C146E51CF9000F007C117D;
			productRefGroup = 97C146EF1CF9000F007C117D /* Products */;
			projectDirPath = "";
			projectRoot = "";
			targets = (
				97C146ED1CF9000F007C117D /* Runner */,
				331C8080294A63A400263BE5 /* RunnerTests */,
				BD61F02E2EDD022E00456D75 /* SocialmeshWidgetsExtension */,
				NSE001012026011200000040 /* NotificationServiceExtension */,
				7C5EE8B93CB6FAF1D321AE41 /* SocialMeshWatch */,
				8745932F68EAA887924CE235 /* CarPlayIntents */,
			);
		};
/* End PBXProject section */

/* Begin PBXResourcesBuildPhase section */
		331C807F294A63A400263BE5 /* Resources */ = {
			isa = PBXResourcesBuildPhase;
			buildActionMask = 2147483647;
			files = (
			);
			runOnlyForDeploymentPostprocessing = 0;
		};
		451D4BD4B8AF27881E1ECB08 /* Resources */ = {
			isa = PBXResourcesBuildPhase;
			buildActionMask = 2147483647;
			files = (
				185BE9088397E5C649031A01 /* Assets.xcassets in Resources */,
			);
			runOnlyForDeploymentPostprocessing = 0;
		};
		97C146EC1CF9000F007C117D /* Resources */ = {
			isa = PBXResourcesBuildPhase;
			buildActionMask = 2147483647;
			files = (
				97C147011CF9000F007C117D /* LaunchScreen.storyboard in Resources */,
				3B3967161E833CAA004F5970 /* AppFrameworkInfo.plist in Resources */,
				97C146FE1CF9000F007C117D /* Assets.xcassets in Resources */,
				97C146FC1CF9000F007C117D /* Main.storyboard in Resources */,
				D5C1D636C7F2A568A037C3D0 /* GoogleService-Info.plist in Resources */,
				A4F5E6D7C8B9A0F1E2D3C4B5 /* PrivacyInfo.xcprivacy in Resources */,
				66D48815D2741E6097F3D434 /* sip_handshake_request.caf in Resources */,
				5EDAF0889B4512A1AC8D6BE1 /* sip_handshake_accepted.caf in Resources */,
				DEAA1B73E64596EF83F0313D /* sip_handshake_declined.caf in Resources */,
			);
			runOnlyForDeploymentPostprocessing = 0;
		};
		BD61F02D2EDD022E00456D75 /* Resources */ = {
			isa = PBXResourcesBuildPhase;
			buildActionMask = 2147483647;
			files = (
			);
			runOnlyForDeploymentPostprocessing = 0;
		};
		CEBE8762FAEEC9D84B8296D4 /* Resources */ = {
			isa = PBXResourcesBuildPhase;
			buildActionMask = 2147483647;
			files = (
			);
			runOnlyForDeploymentPostprocessing = 0;
		};
		NSE001012026011200000070 /* Resources */ = {
			isa = PBXResourcesBuildPhase;
			buildActionMask = 2147483647;
			files = (
			);
			runOnlyForDeploymentPostprocessing = 0;
		};
/* End PBXResourcesBuildPhase section */

/* Begin PBXShellScriptBuildPhase section */
		19524F3B8ADAD37DB42CB40F /* [SocialMesh] Check native-assets platform */ = {
			isa = PBXShellScriptBuildPhase;
			buildActionMask = 2147483647;
			files = (
			);
			inputFileListPaths = (
			);
			inputPaths = (
			);
			name = "[SocialMesh] Check native-assets platform";
			outputFileListPaths = (
			);
			outputPaths = (
			);
			runOnlyForDeploymentPostprocessing = 0;
			shellPath = /bin/sh;
			shellScript = "\"${PROJECT_DIR}/Scripts/check_native_assets_platform.sh\"\n";
		};
		26D800772C6C696E0B1725A7 /* [SocialMesh] Re-sign Embedded Frameworks */ = {
			isa = PBXShellScriptBuildPhase;
			buildActionMask = 2147483647;
			files = (
			);
			inputFileListPaths = (
			);
			inputPaths = (
			);
			name = "[SocialMesh] Re-sign Embedded Frameworks";
			outputFileListPaths = (
			);
			outputPaths = (
			);
			runOnlyForDeploymentPostprocessing = 0;
			shellPath = /bin/sh;
			shellScript = "# Workaround for package:objective_c shipping its iOS framework\n# adhoc-signed; iOS device install otherwise fails with 0xe8008014.\n# Re-sign every embedded framework with the build's signing identity.\nset -e\nif [ -z \"${EXPANDED_CODE_SIGN_IDENTITY}\" ]; then\n  echo \"EXPANDED_CODE_SIGN_IDENTITY empty (simulator build) — skipping resign\"\n  exit 0\nfi\nFRAMEWORKS_DIR=\"${BUILT_PRODUCTS_DIR}/${FRAMEWORKS_FOLDER_PATH}\"\n[ -d \"$FRAMEWORKS_DIR\" ] || exit 0\nfind \"$FRAMEWORKS_DIR\" -maxdepth 1 -name \"*.framework\" -print0 | while IFS= read -r -d '' fw; do\n  echo \"Re-signing $fw with ${EXPANDED_CODE_SIGN_IDENTITY}\"\n  /usr/bin/codesign --force --sign \"${EXPANDED_CODE_SIGN_IDENTITY}\" \\\n           --preserve-metadata=identifier,entitlements,flags \\\n           --timestamp=none \\\n           \"$fw\"\ndone\n";
		};
		33B79513130A668675830E43 /* [CP] Copy Pods Resources */ = {
			isa = PBXShellScriptBuildPhase;
			buildActionMask = 2147483647;
			files = (
			);
			inputFileListPaths = (
				"${PODS_ROOT}/Target Support Files/Pods-Runner/Pods-Runner-resources-${CONFIGURATION}-input-files.xcfilelist",
			);
			name = "[CP] Copy Pods Resources";
			outputFileListPaths = (
				"${PODS_ROOT}/Target Support Files/Pods-Runner/Pods-Runner-resources-${CONFIGURATION}-output-files.xcfilelist",
			);
			runOnlyForDeploymentPostprocessing = 0;
			shellPath = /bin/sh;
			shellScript = "\"${PODS_ROOT}/Target Support Files/Pods-Runner/Pods-Runner-resources.sh\"\n";
			showEnvVarsInLog = 0;
		};
		3B06AD1E1E4923F5004D2608 /* Thin Binary */ = {
			isa = PBXShellScriptBuildPhase;
			alwaysOutOfDate = 1;
			buildActionMask = 2147483647;
			files = (
			);
			inputPaths = (
				"${TARGET_BUILD_DIR}/${INFOPLIST_PATH}",
			);
			name = "Thin Binary";
			outputPaths = (
			);
			runOnlyForDeploymentPostprocessing = 0;
			shellPath = /bin/sh;
			shellScript = "/bin/sh \"$FLUTTER_ROOT/packages/flutter_tools/bin/xcode_backend.sh\" embed_and_thin";
		};
		5595D57A57A997BB8B43BD96 /* [CP] Check Pods Manifest.lock */ = {
			isa = PBXShellScriptBuildPhase;
			buildActionMask = 2147483647;
			files = (
			);
			inputFileListPaths = (
			);
			inputPaths = (
				"${PODS_PODFILE_DIR_PATH}/Podfile.lock",
				"${PODS_ROOT}/Manifest.lock",
			);
			name = "[CP] Check Pods Manifest.lock";
			outputFileListPaths = (
			);
			outputPaths = (
				"$(DERIVED_FILE_DIR)/Pods-RunnerTests-checkManifestLockResult.txt",
			);
			runOnlyForDeploymentPostprocessing = 0;
			shellPath = /bin/sh;
			shellScript = "diff \"${PODS_PODFILE_DIR_PATH}/Podfile.lock\" \"${PODS_ROOT}/Manifest.lock\" > /dev/null\nif [ $? != 0 ] ; then\n    # print error to STDERR\n    echo \"error: The sandbox is not in sync with the Podfile.lock. Run 'pod install' or update your CocoaPods installation.\" >&2\n    exit 1\nfi\n# This output is used by Xcode 'outputs' to avoid re-running this script phase.\necho \"SUCCESS\" > \"${SCRIPT_OUTPUT_FILE_0}\"\n";
			showEnvVarsInLog = 0;
		};
		688DA636C73DEB3A360CE409 /* [CP] Embed Pods Frameworks */ = {
			isa = PBXShellScriptBuildPhase;
			buildActionMask = 2147483647;
			files = (
			);
			inputFileListPaths = (
				"${PODS_ROOT}/Target Support Files/Pods-Runner/Pods-Runner-frameworks-${CONFIGURATION}-input-files.xcfilelist",
			);
			name = "[CP] Embed Pods Frameworks";
			outputFileListPaths = (
				"${PODS_ROOT}/Target Support Files/Pods-Runner/Pods-Runner-frameworks-${CONFIGURATION}-output-files.xcfilelist",
			);
			runOnlyForDeploymentPostprocessing = 0;
			shellPath = /bin/sh;
			shellScript = "\"${PODS_ROOT}/Target Support Files/Pods-Runner/Pods-Runner-frameworks.sh\"\n";
			showEnvVarsInLog = 0;
		};
		7E81E37679984CE1F776D301 /* [CP] Check Pods Manifest.lock */ = {
			isa = PBXShellScriptBuildPhase;
			buildActionMask = 2147483647;
			files = (
			);
			inputFileListPaths = (
			);
			inputPaths = (
				"${PODS_PODFILE_DIR_PATH}/Podfile.lock",
				"${PODS_ROOT}/Manifest.lock",
			);
			name = "[CP] Check Pods Manifest.lock";
			outputFileListPaths = (
			);
			outputPaths = (
				"$(DERIVED_FILE_DIR)/Pods-Runner-checkManifestLockResult.txt",
			);
			runOnlyForDeploymentPostprocessing = 0;
			shellPath = /bin/sh;
			shellScript = "diff \"${PODS_PODFILE_DIR_PATH}/Podfile.lock\" \"${PODS_ROOT}/Manifest.lock\" > /dev/null\nif [ $? != 0 ] ; then\n    # print error to STDERR\n    echo \"error: The sandbox is not in sync with the Podfile.lock. Run 'pod install' or update your CocoaPods installation.\" >&2\n    exit 1\nfi\n# This output is used by Xcode 'outputs' to avoid re-running this script phase.\necho \"SUCCESS\" > \"${SCRIPT_OUTPUT_FILE_0}\"\n";
			showEnvVarsInLog = 0;
		};
		9740EEB61CF901F6004384FC /* Run Script */ = {
			isa = PBXShellScriptBuildPhase;
			alwaysOutOfDate = 1;
			buildActionMask = 2147483647;
			files = (
			);
			inputPaths = (
			);
			name = "Run Script";
			outputPaths = (
			);
			runOnlyForDeploymentPostprocessing = 0;
			shellPath = /bin/sh;
			shellScript = "/bin/sh \"$FLUTTER_ROOT/packages/flutter_tools/bin/xcode_backend.sh\" build";
		};
		DFB3BF32316542B73400B6C0 /* FlutterFire: "flutterfire upload-crashlytics-symbols" */ = {
			isa = PBXShellScriptBuildPhase;
			buildActionMask = 2147483647;
			files = (
			);
			inputFileListPaths = (
			);
			inputPaths = (
			);
			name = "FlutterFire: \"flutterfire upload-crashlytics-symbols\"";
			outputFileListPaths = (
			);
			outputPaths = (
			);
			runOnlyForDeploymentPostprocessing = 0;
			shellPath = /bin/sh;
			shellScript = "\n#!/bin/bash\nPATH=\"${PATH}:$FLUTTER_ROOT/bin:${PUB_CACHE}/bin:$HOME/.pub-cache/bin\"\n\nif [ -z \"$PODS_ROOT\" ] || [ ! -d \"$PODS_ROOT/FirebaseCrashlytics\" ]; then\n  # Cannot use \"BUILD_DIR%/Build/*\" as per Firebase documentation, it points to \"flutter-project/build/ios/*\" path which doesn't have run script\n  DERIVED_DATA_PATH=$(echo \"$BUILD_ROOT\" | sed -E 's|(.*DerivedData/[^/]+).*|\\1|')\n  PATH_TO_CRASHLYTICS_UPLOAD_SCRIPT=\"${DERIVED_DATA_PATH}/SourcePackages/checkouts/firebase-ios-sdk/Crashlytics/run\"\nelse\n  PATH_TO_CRASHLYTICS_UPLOAD_SCRIPT=\"$PODS_ROOT/FirebaseCrashlytics/run\"\nfi\n\n# Command to upload symbols script used to upload symbols to Firebase server\nflutterfire upload-crashlytics-symbols --upload-symbols-script-path=\"$PATH_TO_CRASHLYTICS_UPLOAD_SCRIPT\" --platform=ios --apple-project-path=\"${SRCROOT}\" --env-platform-name=\"${PLATFORM_NAME}\" --env-configuration=\"${CONFIGURATION}\" --env-project-dir=\"${PROJECT_DIR}\" --env-built-products-dir=\"${BUILT_PRODUCTS_DIR}\" --env-dwarf-dsym-folder-path=\"${DWARF_DSYM_FOLDER_PATH}\" --env-dwarf-dsym-file-name=\"${DWARF_DSYM_FILE_NAME}\" --env-infoplist-path=\"${INFOPLIST_PATH}\" --default-config=default\n";
		};
/* End PBXShellScriptBuildPhase section */

/* Begin PBXSourcesBuildPhase section */
		331C807D294A63A400263BE5 /* Sources */ = {
			isa = PBXSourcesBuildPhase;
			buildActionMask = 2147483647;
			files = (
				331C808B294A63AB00263BE5 /* RunnerTests.swift in Sources */,
			);
			runOnlyForDeploymentPostprocessing = 0;
		};
		97C146EA1CF9000F007C117D /* Sources */ = {
			isa = PBXSourcesBuildPhase;
			buildActionMask = 2147483647;
			files = (
				74858FAF1ED2DC5600515810 /* AppDelegate.swift in Sources */,
				1498D2341E8E89220040F4C2 /* GeneratedPluginRegistrant.m in Sources */,
				C2C0DEC220260313000000F2 /* Codec2Symbols.c in Sources */,
				AI0001012024120800000001 /* AppIntentErrors.swift in Sources */,
				AI0001012024120800000002 /* AppIntentsManager.swift in Sources */,
				AI0001012024120800000003 /* SendMessageIntent.swift in Sources */,
				AI0001012024120800000004 /* SendChannelMessageIntent.swift in Sources */,
				AI0001012024120800000005 /* GetNodeStatusIntent.swift in Sources */,
				AI0001012024120800000006 /* GetOnlineNodesIntent.swift in Sources */,
				AI0001012024120800000007 /* OpenNodeIntent.swift in Sources */,
				AI0001012024120800000008 /* OpenMapIntent.swift in Sources */,
				AI0001012024120800000009 /* OpenMessagesIntent.swift in Sources */,
				AI00010120241208000000010 /* ShortcutsProvider.swift in Sources */,
				AI00010120241208000000011 /* RunAutomationIntent.swift in Sources */,
				AI00010120241208000000012 /* ShutDownNodeIntent.swift in Sources */,
				AI00010120241208000000013 /* RestartNodeIntent.swift in Sources */,
				AI00010120241208000000014 /* DisconnectNodeIntent.swift in Sources */,
				AI00010120241208000000015 /* TracerouteIntent.swift in Sources */,
				89C763C1050CBBD9EC5105DB /* WatchCompanionBridge.swift in Sources */,
				825D564F5F2F1723A24700C4 /* WatchCompanionCodec.swift in Sources */,
				386029B53AD8B262C9E35529 /* WatchCompanionLogger.swift in Sources */,
				38480AA0C06D16D085D18FD8 /* SharedContainer.swift in Sources */,
				F3C540B561DF28D0773F30B7 /* CarPlayChannel.swift in Sources */,
			);
			runOnlyForDeploymentPostprocessing = 0;
		};
		A589167EA32F97B04BDA86E0 /* Sources */ = {
			isa = PBXSourcesBuildPhase;
			buildActionMask = 2147483647;
			files = (
				A2F94733B66DF1EDD204E054 /* WatchIntent.swift in Sources */,
				40CA86D6D85BD8895FD3533B /* WatchIntentResult.swift in Sources */,
				1DB2F1309E481576C45308A0 /* WatchSnapshot.swift in Sources */,
				DAE123A98AE5383B50133E1F /* SocialMeshWatchApp.swift in Sources */,
				30C93E22396F57AF33A9F084 /* ChannelPickerView.swift in Sources */,
				376EF8DDA00E098703C86195 /* InboxView.swift in Sources */,
				CEB87B8B9E1368AA9C7B7AEC /* NodesView.swift in Sources */,
				3A7207EA1B04F4B229F27BDC /* QuickMessageView.swift in Sources */,
				860D456DBBDF3DF9E95F3608 /* RootView.swift in Sources */,
				E3DA58E007D6A6388FB809E7 /* StatusView.swift in Sources */,
				4903A777BE1D0ADAF541DBE3 /* UnavailableView.swift in Sources */,
				1B1BAF1ABCD21D26BA483BE4 /* WatchConnectivityManager.swift in Sources */,
				E310A2F8DE73F6FB5E9AB2DC /* WatchSnapshotStore.swift in Sources */,
			);
			runOnlyForDeploymentPostprocessing = 0;
		};
		BD61F02B2EDD022E00456D75 /* Sources */ = {
			isa = PBXSourcesBuildPhase;
			buildActionMask = 2147483647;
			files = (
			);
			runOnlyForDeploymentPostprocessing = 0;
		};
		FF819236D69EA9C7FF9D8D7C /* Sources */ = {
			isa = PBXSourcesBuildPhase;
			buildActionMask = 2147483647;
			files = (
				F549456359AF390A978EE46C /* IntentHandler.swift in Sources */,
				1BD28693D18040020AB2C32C /* SharedContainer.swift in Sources */,
			);
			runOnlyForDeploymentPostprocessing = 0;
		};
		NSE001012026011200000050 /* Sources */ = {
			isa = PBXSourcesBuildPhase;
			buildActionMask = 2147483647;
			files = (
				NSE001012026011200000001 /* NotificationService.swift in Sources */,
			);
			runOnlyForDeploymentPostprocessing = 0;
		};
/* End PBXSourcesBuildPhase section */

/* Begin PBXTargetDependency section */
		08097EF6F49AB670F8F6FF13 /* PBXTargetDependency */ = {
			isa = PBXTargetDependency;
			name = SocialMeshWatch;
			target = 7C5EE8B93CB6FAF1D321AE41 /* SocialMeshWatch */;
			targetProxy = A754240D746708EEFB79DA2B /* PBXContainerItemProxy */;
		};
		331C8086294A63A400263BE5 /* PBXTargetDependency */ = {
			isa = PBXTargetDependency;
			target = 97C146ED1CF9000F007C117D /* Runner */;
			targetProxy = 331C8085294A63A400263BE5 /* PBXContainerItemProxy */;
		};
		74E05CF4BD85087AB047EDCB /* PBXTargetDependency */ = {
			isa = PBXTargetDependency;
			name = CarPlayIntents;
			target = 8745932F68EAA887924CE235 /* CarPlayIntents */;
			targetProxy = F46EA0AFA95AD59C8697F488 /* PBXContainerItemProxy */;
		};
/* End PBXTargetDependency section */

/* Begin PBXVariantGroup section */
		97C146FA1CF9000F007C117D /* Main.storyboard */ = {
			isa = PBXVariantGroup;
			children = (
				97C146FB1CF9000F007C117D /* Base */,
			);
			name = Main.storyboard;
			sourceTree = "<group>";
		};
		97C146FF1CF9000F007C117D /* LaunchScreen.storyboard */ = {
			isa = PBXVariantGroup;
			children = (
				97C147001CF9000F007C117D /* Base */,
			);
			name = LaunchScreen.storyboard;
			sourceTree = "<group>";
		};
/* End PBXVariantGroup section */

/* Begin XCBuildConfiguration section */
		249021D3217E4FDB00AE95B9 /* Profile */ = {
			isa = XCBuildConfiguration;
			buildSettings = {
				ALWAYS_SEARCH_USER_PATHS = NO;
				ASSETCATALOG_COMPILER_GENERATE_SWIFT_ASSET_SYMBOL_EXTENSIONS = YES;
				CLANG_ANALYZER_NONNULL = YES;
				CLANG_CXX_LANGUAGE_STANDARD = "gnu++0x";
				CLANG_CXX_LIBRARY = "libc++";
				CLANG_ENABLE_MODULES = YES;
				CLANG_ENABLE_OBJC_ARC = YES;
				CLANG_WARN_BLOCK_CAPTURE_AUTORELEASING = YES;
				CLANG_WARN_BOOL_CONVERSION = YES;
				CLANG_WARN_COMMA = YES;
				CLANG_WARN_CONSTANT_CONVERSION = YES;
				CLANG_WARN_DEPRECATED_OBJC_IMPLEMENTATIONS = YES;
				CLANG_WARN_DIRECT_OBJC_ISA_USAGE = YES_ERROR;
				CLANG_WARN_EMPTY_BODY = YES;
				CLANG_WARN_ENUM_CONVERSION = YES;
				CLANG_WARN_INFINITE_RECURSION = YES;
				CLANG_WARN_INT_CONVERSION = YES;
				CLANG_WARN_NON_LITERAL_NULL_CONVERSION = YES;
				CLANG_WARN_OBJC_IMPLICIT_RETAIN_SELF = YES;
				CLANG_WARN_OBJC_LITERAL_CONVERSION = YES;
				CLANG_WARN_OBJC_ROOT_CLASS = YES_ERROR;
				CLANG_WARN_RANGE_LOOP_ANALYSIS = YES;
				CLANG_WARN_STRICT_PROTOTYPES = YES;
				CLANG_WARN_SUSPICIOUS_MOVE = YES;
				CLANG_WARN_UNREACHABLE_CODE = YES;
				CLANG_WARN__DUPLICATE_METHOD_MATCH = YES;
				"CODE_SIGN_IDENTITY[sdk=iphoneos*]" = "iPhone Developer";
				COPY_PHASE_STRIP = NO;
				DEBUG_INFORMATION_FORMAT = "dwarf-with-dsym";
				ENABLE_NS_ASSERTIONS = NO;
				ENABLE_STRICT_OBJC_MSGSEND = YES;
				ENABLE_USER_SCRIPT_SANDBOXING = NO;
				GCC_C_LANGUAGE_STANDARD = gnu99;
				GCC_NO_COMMON_BLOCKS = YES;
				GCC_WARN_64_TO_32_BIT_CONVERSION = YES;
				GCC_WARN_ABOUT_RETURN_TYPE = YES_ERROR;
				GCC_WARN_UNDECLARED_SELECTOR = YES;
				GCC_WARN_UNINITIALIZED_AUTOS = YES_AGGRESSIVE;
				GCC_WARN_UNUSED_FUNCTION = YES;
				GCC_WARN_UNUSED_VARIABLE = YES;
				IPHONEOS_DEPLOYMENT_TARGET = 13.0;
				MTL_ENABLE_DEBUG_INFO = NO;
				SDKROOT = iphoneos;
				SUPPORTED_PLATFORMS = "iphoneos iphonesimulator";
				TARGETED_DEVICE_FAMILY = "1,2";
				VALIDATE_PRODUCT = YES;
			};
			name = Profile;
		};
		249021D4217E4FDB00AE95B9 /* Profile */ = {
			isa = XCBuildConfiguration;
			baseConfigurationReference = 7AFA3C8E1D35360C0083082E /* Release.xcconfig */;
			buildSettings = {
				ASSETCATALOG_COMPILER_APPICON_NAME = AppIcon;
				CLANG_ENABLE_MODULES = YES;
				CODE_SIGN_ENTITLEMENTS = Runner/Runner.entitlements;
				CODE_SIGN_IDENTITY = "Apple Development";
				CODE_SIGN_STYLE = Automatic;
				CURRENT_PROJECT_VERSION = "$(FLUTTER_BUILD_NUMBER)";
				DEVELOPMENT_TEAM = U336GVDWCE;
				ENABLE_BITCODE = NO;
				INFOPLIST_FILE = Runner/Info.plist;
				INFOPLIST_KEY_LSApplicationCategoryType = "public.app-category.utilities";
				IPHONEOS_DEPLOYMENT_TARGET = 16.6;
				LD_RUNPATH_SEARCH_PATHS = (
					"$(inherited)",
					"@executable_path/Frameworks",
				);
				OTHER_LDFLAGS = (
					"$(inherited)",
					"-ObjC",
				);
				"OTHER_LDFLAGS[sdk=iphoneos*]" = (
					"$(inherited)",
					"-ObjC",
					"-force_load",
					"$(PROJECT_DIR)/codec2/lib/libcodec2_ios.a",
				);
				PRODUCT_BUNDLE_IDENTIFIER = com.gotnull.socialmesh;
				PRODUCT_NAME = "$(TARGET_NAME)";
				PROVISIONING_PROFILE_SPECIFIER = "";
				SUPPORTED_PLATFORMS = "iphoneos iphonesimulator";
				SUPPORTS_MACCATALYST = NO;
				SUPPORTS_MAC_DESIGNED_FOR_IPHONE_IPAD = NO;
				SUPPORTS_XR_DESIGNED_FOR_IPHONE_IPAD = NO;
				SWIFT_OBJC_BRIDGING_HEADER = "Runner/Runner-Bridging-Header.h";
				SWIFT_VERSION = 5.0;
				TARGETED_DEVICE_FAMILY = 1;
				VERSIONING_SYSTEM = "apple-generic";
			};
			name = Profile;
		};
		331C8088294A63A400263BE5 /* Debug */ = {
			isa = XCBuildConfiguration;
			baseConfigurationReference = 5C015155113781567DE56738 /* Pods-RunnerTests.debug.xcconfig */;
			buildSettings = {
				BUNDLE_LOADER = "$(TEST_HOST)";
				CODE_SIGN_STYLE = Automatic;
				CURRENT_PROJECT_VERSION = 1;
				DEVELOPMENT_TEAM = U336GVDWCE;
				GENERATE_INFOPLIST_FILE = YES;
				IPHONEOS_DEPLOYMENT_TARGET = 16.6;
				MARKETING_VERSION = "$(FLUTTER_BUILD_NAME)";
				PRODUCT_BUNDLE_IDENTIFIER = com.gotnull.socialmesh.RunnerTests;
				PRODUCT_NAME = "$(TARGET_NAME)";
				SWIFT_ACTIVE_COMPILATION_CONDITIONS = DEBUG;
				SWIFT_OPTIMIZATION_LEVEL = "-Onone";
				SWIFT_VERSION = 5.0;
				TEST_HOST = "$(BUILT_PRODUCTS_DIR)/Runner.app/$(BUNDLE_EXECUTABLE_FOLDER_PATH)/Runner";
			};
			name = Debug;
		};
		331C8089294A63A400263BE5 /* Release */ = {
			isa = XCBuildConfiguration;
			baseConfigurationReference = A1D16ABD6103CC58C59B0DD8 /* Pods-RunnerTests.release.xcconfig */;
			buildSettings = {
				BUNDLE_LOADER = "$(TEST_HOST)";
				CODE_SIGN_STYLE = Automatic;
				CURRENT_PROJECT_VERSION = 1;
				DEVELOPMENT_TEAM = U336GVDWCE;
				GENERATE_INFOPLIST_FILE = YES;
				IPHONEOS_DEPLOYMENT_TARGET = 16.6;
				MARKETING_VERSION = "$(FLUTTER_BUILD_NAME)";
				PRODUCT_BUNDLE_IDENTIFIER = com.gotnull.socialmesh.RunnerTests;
				PRODUCT_NAME = "$(TARGET_NAME)";
				SWIFT_VERSION = 5.0;
				TEST_HOST = "$(BUILT_PRODUCTS_DIR)/Runner.app/$(BUNDLE_EXECUTABLE_FOLDER_PATH)/Runner";
			};
			name = Release;
		};
		331C808A294A63A400263BE5 /* Profile */ = {
			isa = XCBuildConfiguration;
			baseConfigurationReference = 28698ABB14A3935357B44E3B /* Pods-RunnerTests.profile.xcconfig */;
			buildSettings = {
				BUNDLE_LOADER = "$(TEST_HOST)";
				CODE_SIGN_STYLE = Automatic;
				CURRENT_PROJECT_VERSION = 1;
				DEVELOPMENT_TEAM = U336GVDWCE;
				GENERATE_INFOPLIST_FILE = YES;
				IPHONEOS_DEPLOYMENT_TARGET = 16.6;
				MARKETING_VERSION = "$(FLUTTER_BUILD_NAME)";
				PRODUCT_BUNDLE_IDENTIFIER = com.gotnull.socialmesh.RunnerTests;
				PRODUCT_NAME = "$(TARGET_NAME)";
				SWIFT_VERSION = 5.0;
				TEST_HOST = "$(BUILT_PRODUCTS_DIR)/Runner.app/$(BUNDLE_EXECUTABLE_FOLDER_PATH)/Runner";
			};
			name = Profile;
		};
		4E22D57FBBA88B326B400FAF /* Profile */ = {
			isa = XCBuildConfiguration;
			buildSettings = {
				CLANG_ANALYZER_NUMBER_OBJECT_CONVERSION = YES_AGGRESSIVE;
				CLANG_CXX_LANGUAGE_STANDARD = "gnu++20";
				CLANG_ENABLE_OBJC_WEAK = YES;
				CLANG_WARN_DOCUMENTATION_COMMENTS = YES;
				CLANG_WARN_QUOTED_INCLUDE_IN_FRAMEWORK_HEADER = YES;
				CLANG_WARN_UNGUARDED_AVAILABILITY = YES_AGGRESSIVE;
				CODE_SIGN_ENTITLEMENTS = CarPlayIntents/CarPlayIntents.entitlements;
				CODE_SIGN_IDENTITY = "Apple Development";
				"CODE_SIGN_IDENTITY[sdk=iphoneos*]" = "iPhone Developer";
				CODE_SIGN_STYLE = Automatic;
				CURRENT_PROJECT_VERSION = 1;
				DEVELOPMENT_TEAM = U336GVDWCE;
				ENABLE_USER_SCRIPT_SANDBOXING = YES;
				GCC_C_LANGUAGE_STANDARD = gnu17;
				GENERATE_INFOPLIST_FILE = YES;
				INFOPLIST_FILE = CarPlayIntents/Info.plist;
				INFOPLIST_KEY_CFBundleDisplayName = CarPlayIntents;
				INFOPLIST_KEY_NSHumanReadableCopyright = "";
				IPHONEOS_DEPLOYMENT_TARGET = 16.6;
				LD_RUNPATH_SEARCH_PATHS = (
					"$(inherited)",
					"@executable_path/Frameworks",
					"@executable_path/../../Frameworks",
				);
				MARKETING_VERSION = "$(FLUTTER_BUILD_NAME)";
				MTL_FAST_MATH = YES;
				PRODUCT_BUNDLE_IDENTIFIER = com.gotnull.socialmesh.CarPlayIntents;
				PRODUCT_NAME = "$(TARGET_NAME)";
				SKIP_INSTALL = YES;
				SWIFT_EMIT_LOC_STRINGS = YES;
				SWIFT_VERSION = 5.0;
				TARGETED_DEVICE_FAMILY = "1,2";
			};
			name = Profile;
		};
		766D83511344532B33639E12 /* Release */ = {
			isa = XCBuildConfiguration;
			buildSettings = {
				CLANG_ANALYZER_NUMBER_OBJECT_CONVERSION = YES_AGGRESSIVE;
				CLANG_CXX_LANGUAGE_STANDARD = "gnu++20";
				CLANG_ENABLE_OBJC_WEAK = YES;
				CLANG_WARN_DOCUMENTATION_COMMENTS = YES;
				CLANG_WARN_QUOTED_INCLUDE_IN_FRAMEWORK_HEADER = YES;
				CLANG_WARN_UNGUARDED_AVAILABILITY = YES_AGGRESSIVE;
				CODE_SIGN_ENTITLEMENTS = CarPlayIntents/CarPlayIntents.entitlements;
				CODE_SIGN_IDENTITY = "Apple Development";
				"CODE_SIGN_IDENTITY[sdk=iphoneos*]" = "iPhone Developer";
				CODE_SIGN_STYLE = Automatic;
				CURRENT_PROJECT_VERSION = 1;
				DEVELOPMENT_TEAM = U336GVDWCE;
				ENABLE_USER_SCRIPT_SANDBOXING = YES;
				GCC_C_LANGUAGE_STANDARD = gnu17;
				GENERATE_INFOPLIST_FILE = YES;
				INFOPLIST_FILE = CarPlayIntents/Info.plist;
				INFOPLIST_KEY_CFBundleDisplayName = CarPlayIntents;
				INFOPLIST_KEY_NSHumanReadableCopyright = "";
				IPHONEOS_DEPLOYMENT_TARGET = 16.6;
				LD_RUNPATH_SEARCH_PATHS = (
					"$(inherited)",
					"@executable_path/Frameworks",
					"@executable_path/../../Frameworks",
				);
				MARKETING_VERSION = "$(FLUTTER_BUILD_NAME)";
				MTL_FAST_MATH = YES;
				PRODUCT_BUNDLE_IDENTIFIER = com.gotnull.socialmesh.CarPlayIntents;
				PRODUCT_NAME = "$(TARGET_NAME)";
				SKIP_INSTALL = YES;
				SWIFT_EMIT_LOC_STRINGS = YES;
				SWIFT_VERSION = 5.0;
				TARGETED_DEVICE_FAMILY = "1,2";
			};
			name = Release;
		};
		97C147031CF9000F007C117D /* Debug */ = {
			isa = XCBuildConfiguration;
			buildSettings = {
				ALWAYS_SEARCH_USER_PATHS = NO;
				ASSETCATALOG_COMPILER_GENERATE_SWIFT_ASSET_SYMBOL_EXTENSIONS = YES;
				CLANG_ANALYZER_NONNULL = YES;
				CLANG_CXX_LANGUAGE_STANDARD = "gnu++0x";
				CLANG_CXX_LIBRARY = "libc++";
				CLANG_ENABLE_MODULES = YES;
				CLANG_ENABLE_OBJC_ARC = YES;
				CLANG_WARN_BLOCK_CAPTURE_AUTORELEASING = YES;
				CLANG_WARN_BOOL_CONVERSION = YES;
				CLANG_WARN_COMMA = YES;
				CLANG_WARN_CONSTANT_CONVERSION = YES;
				CLANG_WARN_DEPRECATED_OBJC_IMPLEMENTATIONS = YES;
				CLANG_WARN_DIRECT_OBJC_ISA_USAGE = YES_ERROR;
				CLANG_WARN_EMPTY_BODY = YES;
				CLANG_WARN_ENUM_CONVERSION = YES;
				CLANG_WARN_INFINITE_RECURSION = YES;
				CLANG_WARN_INT_CONVERSION = YES;
				CLANG_WARN_NON_LITERAL_NULL_CONVERSION = YES;
				CLANG_WARN_OBJC_IMPLICIT_RETAIN_SELF = YES;
				CLANG_WARN_OBJC_LITERAL_CONVERSION = YES;
				CLANG_WARN_OBJC_ROOT_CLASS = YES_ERROR;
				CLANG_WARN_RANGE_LOOP_ANALYSIS = YES;
				CLANG_WARN_STRICT_PROTOTYPES = YES;
				CLANG_WARN_SUSPICIOUS_MOVE = YES;
				CLANG_WARN_UNREACHABLE_CODE = YES;
				CLANG_WARN__DUPLICATE_METHOD_MATCH = YES;
				"CODE_SIGN_IDENTITY[sdk=iphoneos*]" = "iPhone Developer";
				COPY_PHASE_STRIP = NO;
				DEBUG_INFORMATION_FORMAT = dwarf;
				ENABLE_STRICT_OBJC_MSGSEND = YES;
				ENABLE_TESTABILITY = YES;
				ENABLE_USER_SCRIPT_SANDBOXING = NO;
				GCC_C_LANGUAGE_STANDARD = gnu99;
				GCC_DYNAMIC_NO_PIC = NO;
				GCC_NO_COMMON_BLOCKS = YES;
				GCC_OPTIMIZATION_LEVEL = 0;
				GCC_PREPROCESSOR_DEFINITIONS = (
					"DEBUG=1",
					"$(inherited)",
				);
				GCC_WARN_64_TO_32_BIT_CONVERSION = YES;
				GCC_WARN_ABOUT_RETURN_TYPE = YES_ERROR;
				GCC_WARN_UNDECLARED_SELECTOR = YES;
				GCC_WARN_UNINITIALIZED_AUTOS = YES_AGGRESSIVE;
				GCC_WARN_UNUSED_FUNCTION = YES;
				GCC_WARN_UNUSED_VARIABLE = YES;
				IPHONEOS_DEPLOYMENT_TARGET = 13.0;
				MTL_ENABLE_DEBUG_INFO = YES;
				ONLY_ACTIVE_ARCH = YES;
				SDKROOT = iphoneos;
				TARGETED_DEVICE_FAMILY = "1,2";
			};
			name = Debug;
		};
		97C147041CF9000F007C117D /* Release */ = {
			isa = XCBuildConfiguration;
			buildSettings = {
				ALWAYS_SEARCH_USER_PATHS = NO;
				ASSETCATALOG_COMPILER_GENERATE_SWIFT_ASSET_SYMBOL_EXTENSIONS = YES;
				CLANG_ANALYZER_NONNULL = YES;
				CLANG_CXX_LANGUAGE_STANDARD = "gnu++0x";
				CLANG_CXX_LIBRARY = "libc++";
				CLANG_ENABLE_MODULES = YES;
				CLANG_ENABLE_OBJC_ARC = YES;
				CLANG_WARN_BLOCK_CAPTURE_AUTORELEASING = YES;
				CLANG_WARN_BOOL_CONVERSION = YES;
				CLANG_WARN_COMMA = YES;
				CLANG_WARN_CONSTANT_CONVERSION = YES;
				CLANG_WARN_DEPRECATED_OBJC_IMPLEMENTATIONS = YES;
				CLANG_WARN_DIRECT_OBJC_ISA_USAGE = YES_ERROR;
				CLANG_WARN_EMPTY_BODY = YES;
				CLANG_WARN_ENUM_CONVERSION = YES;
				CLANG_WARN_INFINITE_RECURSION = YES;
				CLANG_WARN_INT_CONVERSION = YES;
				CLANG_WARN_NON_LITERAL_NULL_CONVERSION = YES;
				CLANG_WARN_OBJC_IMPLICIT_RETAIN_SELF = YES;
				CLANG_WARN_OBJC_LITERAL_CONVERSION = YES;
				CLANG_WARN_OBJC_ROOT_CLASS = YES_ERROR;
				CLANG_WARN_RANGE_LOOP_ANALYSIS = YES;
				CLANG_WARN_STRICT_PROTOTYPES = YES;
				CLANG_WARN_SUSPICIOUS_MOVE = YES;
				CLANG_WARN_UNREACHABLE_CODE = YES;
				CLANG_WARN__DUPLICATE_METHOD_MATCH = YES;
				"CODE_SIGN_IDENTITY[sdk=iphoneos*]" = "iPhone Developer";
				COPY_PHASE_STRIP = NO;
				DEBUG_INFORMATION_FORMAT = "dwarf-with-dsym";
				ENABLE_NS_ASSERTIONS = NO;
				ENABLE_STRICT_OBJC_MSGSEND = YES;
				ENABLE_USER_SCRIPT_SANDBOXING = NO;
				GCC_C_LANGUAGE_STANDARD = gnu99;
				GCC_NO_COMMON_BLOCKS = YES;
				GCC_WARN_64_TO_32_BIT_CONVERSION = YES;
				GCC_WARN_ABOUT_RETURN_TYPE = YES_ERROR;
				GCC_WARN_UNDECLARED_SELECTOR = YES;
				GCC_WARN_UNINITIALIZED_AUTOS = YES_AGGRESSIVE;
				GCC_WARN_UNUSED_FUNCTION = YES;
				GCC_WARN_UNUSED_VARIABLE = YES;
				IPHONEOS_DEPLOYMENT_TARGET = 13.0;
				MTL_ENABLE_DEBUG_INFO = NO;
				SDKROOT = iphoneos;
				SUPPORTED_PLATFORMS = "iphoneos iphonesimulator";
				SWIFT_COMPILATION_MODE = wholemodule;
				SWIFT_OPTIMIZATION_LEVEL = "-O";
				TARGETED_DEVICE_FAMILY = "1,2";
				VALIDATE_PRODUCT = YES;
			};
			name = Release;
		};
		97C147061CF9000F007C117D /* Debug */ = {
			isa = XCBuildConfiguration;
			baseConfigurationReference = 9740EEB21CF90195004384FC /* Debug.xcconfig */;
			buildSettings = {
				ASSETCATALOG_COMPILER_APPICON_NAME = AppIcon;
				CLANG_ENABLE_MODULES = YES;
				CODE_SIGN_ENTITLEMENTS = Runner/Runner.entitlements;
				CODE_SIGN_IDENTITY = "Apple Development";
				CODE_SIGN_STYLE = Automatic;
				CURRENT_PROJECT_VERSION = "$(FLUTTER_BUILD_NUMBER)";
				DEVELOPMENT_TEAM = U336GVDWCE;
				ENABLE_BITCODE = NO;
				INFOPLIST_FILE = Runner/Info.plist;
				INFOPLIST_KEY_LSApplicationCategoryType = "public.app-category.utilities";
				IPHONEOS_DEPLOYMENT_TARGET = 16.6;
				LD_RUNPATH_SEARCH_PATHS = (
					"$(inherited)",
					"@executable_path/Frameworks",
				);
				OTHER_LDFLAGS = (
					"$(inherited)",
					"-ObjC",
				);
				"OTHER_LDFLAGS[sdk=iphoneos*]" = (
					"$(inherited)",
					"-ObjC",
					"-force_load",
					"$(PROJECT_DIR)/codec2/lib/libcodec2_ios.a",
				);
				PRODUCT_BUNDLE_IDENTIFIER = com.gotnull.socialmesh;
				PRODUCT_NAME = "$(TARGET_NAME)";
				PROVISIONING_PROFILE_SPECIFIER = "";
				SUPPORTED_PLATFORMS = "iphoneos iphonesimulator";
				SUPPORTS_MACCATALYST = NO;
				SUPPORTS_MAC_DESIGNED_FOR_IPHONE_IPAD = NO;
				SUPPORTS_XR_DESIGNED_FOR_IPHONE_IPAD = NO;
				SWIFT_OBJC_BRIDGING_HEADER = "Runner/Runner-Bridging-Header.h";
				SWIFT_OPTIMIZATION_LEVEL = "-Onone";
				SWIFT_VERSION = 5.0;
				TARGETED_DEVICE_FAMILY = 1;
				VERSIONING_SYSTEM = "apple-generic";
			};
			name = Debug;
		};
		97C147071CF9000F007C117D /* Release */ = {
			isa = XCBuildConfiguration;
			baseConfigurationReference = 7AFA3C8E1D35360C0083082E /* Release.xcconfig */;
			buildSettings = {
				ASSETCATALOG_COMPILER_APPICON_NAME = AppIcon;
				CLANG_ENABLE_MODULES = YES;
				CODE_SIGN_ENTITLEMENTS = Runner/Runner.entitlements;
				CODE_SIGN_IDENTITY = "Apple Development";
				CODE_SIGN_STYLE = Automatic;
				CURRENT_PROJECT_VERSION = "$(FLUTTER_BUILD_NUMBER)";
				DEVELOPMENT_TEAM = U336GVDWCE;
				ENABLE_BITCODE = NO;
				INFOPLIST_FILE = Runner/Info.plist;
				INFOPLIST_KEY_LSApplicationCategoryType = "public.app-category.utilities";
				IPHONEOS_DEPLOYMENT_TARGET = 16.6;
				LD_RUNPATH_SEARCH_PATHS = (
					"$(inherited)",
					"@executable_path/Frameworks",
				);
				OTHER_LDFLAGS = (
					"$(inherited)",
					"-ObjC",
				);
				"OTHER_LDFLAGS[sdk=iphoneos*]" = (
					"$(inherited)",
					"-ObjC",
					"-force_load",
					"$(PROJECT_DIR)/codec2/lib/libcodec2_ios.a",
				);
				PRODUCT_BUNDLE_IDENTIFIER = com.gotnull.socialmesh;
				PRODUCT_NAME = "$(TARGET_NAME)";
				PROVISIONING_PROFILE_SPECIFIER = "";
				SUPPORTED_PLATFORMS = "iphoneos iphonesimulator";
				SUPPORTS_MACCATALYST = NO;
				SUPPORTS_MAC_DESIGNED_FOR_IPHONE_IPAD = NO;
				SUPPORTS_XR_DESIGNED_FOR_IPHONE_IPAD = NO;
				SWIFT_OBJC_BRIDGING_HEADER = "Runner/Runner-Bridging-Header.h";
				SWIFT_VERSION = 5.0;
				TARGETED_DEVICE_FAMILY = 1;
				VERSIONING_SYSTEM = "apple-generic";
			};
			name = Release;
		};
		AD34B2A8A710ADE76C15EBA1 /* Release */ = {
			isa = XCBuildConfiguration;
			buildSettings = {
				ALWAYS_EMBED_SWIFT_STANDARD_LIBRARIES = YES;
				ASSETCATALOG_COMPILER_APPICON_NAME = AppIcon;
				ASSETCATALOG_COMPILER_GLOBAL_ACCENT_COLOR_NAME = AccentColor;
				CLANG_ENABLE_MODULES = YES;
				CODE_SIGN_IDENTITY = "Apple Development";
				CODE_SIGN_STYLE = Automatic;
				CURRENT_PROJECT_VERSION = 1;
				DEVELOPMENT_TEAM = U336GVDWCE;
				GCC_PREPROCESSOR_DEFINITIONS = "$(inherited)";
				GENERATE_INFOPLIST_FILE = YES;
				INFOPLIST_KEY_CFBundleDisplayName = SocialMesh;
				INFOPLIST_KEY_UILaunchScreen_Generation = YES;
				INFOPLIST_KEY_UISupportedInterfaceOrientations = "UIInterfaceOrientationPortrait UIInterfaceOrientationPortraitUpsideDown";
				INFOPLIST_KEY_WKApplication = YES;
				INFOPLIST_KEY_WKCompanionAppBundleIdentifier = com.gotnull.socialmesh;
				LD_RUNPATH_SEARCH_PATHS = (
					"$(inherited)",
					"@executable_path/Frameworks",
				);
				MARKETING_VERSION = 1.0;
				PRODUCT_BUNDLE_IDENTIFIER = com.gotnull.socialmesh.watchkitapp;
				PRODUCT_NAME = SocialMeshWatch;
				PROVISIONING_PROFILE_SPECIFIER = "";
				SDKROOT = watchos;
				SKIP_INSTALL = YES;
				SUPPORTED_PLATFORMS = "watchos watchsimulator";
				SUPPORTS_MACCATALYST = NO;
				SUPPORTS_MAC_DESIGNED_FOR_IPHONE_IPAD = NO;
				SWIFT_OPTIMIZATION_LEVEL = "-O";
				SWIFT_VERSION = 5.0;
				TARGETED_DEVICE_FAMILY = 4;
				VALIDATE_PRODUCT = YES;
				WATCHOS_DEPLOYMENT_TARGET = 10.0;
			};
			name = Release;
		};
		BB374C226D9BD0947E083A4B /* Debug */ = {
			isa = XCBuildConfiguration;
			buildSettings = {
				ALWAYS_EMBED_SWIFT_STANDARD_LIBRARIES = YES;
				ASSETCATALOG_COMPILER_APPICON_NAME = AppIcon;
				ASSETCATALOG_COMPILER_GLOBAL_ACCENT_COLOR_NAME = AccentColor;
				CLANG_ENABLE_MODULES = YES;
				CODE_SIGN_IDENTITY = "Apple Development";
				CODE_SIGN_STYLE = Automatic;
				CURRENT_PROJECT_VERSION = 1;
				DEVELOPMENT_TEAM = U336GVDWCE;
				GCC_PREPROCESSOR_DEFINITIONS = (
					"$(inherited)",
					"DEBUG=1",
				);
				GENERATE_INFOPLIST_FILE = YES;
				INFOPLIST_KEY_CFBundleDisplayName = SocialMesh;
				INFOPLIST_KEY_UILaunchScreen_Generation = YES;
				INFOPLIST_KEY_UISupportedInterfaceOrientations = "UIInterfaceOrientationPortrait UIInterfaceOrientationPortraitUpsideDown";
				INFOPLIST_KEY_WKApplication = YES;
				INFOPLIST_KEY_WKCompanionAppBundleIdentifier = com.gotnull.socialmesh;
				LD_RUNPATH_SEARCH_PATHS = (
					"$(inherited)",
					"@executable_path/Frameworks",
				);
				MARKETING_VERSION = 1.0;
				PRODUCT_BUNDLE_IDENTIFIER = com.gotnull.socialmesh.watchkitapp;
				PRODUCT_NAME = SocialMeshWatch;
				PROVISIONING_PROFILE_SPECIFIER = "";
				SDKROOT = watchos;
				SKIP_INSTALL = YES;
				SUPPORTED_PLATFORMS = "watchos watchsimulator";
				SUPPORTS_MACCATALYST = NO;
				SUPPORTS_MAC_DESIGNED_FOR_IPHONE_IPAD = NO;
				SWIFT_OPTIMIZATION_LEVEL = "-Onone";
				SWIFT_VERSION = 5.0;
				TARGETED_DEVICE_FAMILY = 4;
				WATCHOS_DEPLOYMENT_TARGET = 10.0;
			};
			name = Debug;
		};
		BD61F0442EDD022F00456D75 /* Debug */ = {
			isa = XCBuildConfiguration;
			buildSettings = {
				ASSETCATALOG_COMPILER_GLOBAL_ACCENT_COLOR_NAME = AccentColor;
				ASSETCATALOG_COMPILER_WIDGET_BACKGROUND_COLOR_NAME = WidgetBackground;
				CLANG_ANALYZER_NUMBER_OBJECT_CONVERSION = YES_AGGRESSIVE;
				CLANG_CXX_LANGUAGE_STANDARD = "gnu++20";
				CLANG_ENABLE_OBJC_WEAK = YES;
				CLANG_WARN_DOCUMENTATION_COMMENTS = YES;
				CLANG_WARN_QUOTED_INCLUDE_IN_FRAMEWORK_HEADER = YES;
				CLANG_WARN_UNGUARDED_AVAILABILITY = YES_AGGRESSIVE;
				CODE_SIGN_ENTITLEMENTS = SocialmeshWidgetsExtension.entitlements;
				CODE_SIGN_IDENTITY = "Apple Development";
				"CODE_SIGN_IDENTITY[sdk=iphoneos*]" = "iPhone Developer";
				CODE_SIGN_STYLE = Manual;
				CURRENT_PROJECT_VERSION = 1;
				DEVELOPMENT_TEAM = "";
				"DEVELOPMENT_TEAM[sdk=iphoneos*]" = U336GVDWCE;
				ENABLE_USER_SCRIPT_SANDBOXING = YES;
				GCC_C_LANGUAGE_STANDARD = gnu17;
				GENERATE_INFOPLIST_FILE = NO;
				INFOPLIST_FILE = SocialmeshWidgets/Info.plist;
				IPHONEOS_DEPLOYMENT_TARGET = 16.6;
				LD_RUNPATH_SEARCH_PATHS = (
					"$(inherited)",
					"@executable_path/Frameworks",
					"@executable_path/../../Frameworks",
				);
				LOCALIZATION_PREFERS_STRING_CATALOGS = YES;
				MARKETING_VERSION = "$(FLUTTER_BUILD_NAME)";
				MTL_ENABLE_DEBUG_INFO = INCLUDE_SOURCE;
				MTL_FAST_MATH = YES;
				PRODUCT_BUNDLE_IDENTIFIER = com.gotnull.socialmesh.SocialmeshWidgets;
				PRODUCT_NAME = "$(TARGET_NAME)";
				PROVISIONING_PROFILE_SPECIFIER = "";
				"PROVISIONING_PROFILE_SPECIFIER[sdk=iphoneos*]" = "iOS SocialmeshWidgets App Development Profile";
				SKIP_INSTALL = YES;
				STRING_CATALOG_GENERATE_SYMBOLS = YES;
				SWIFT_ACTIVE_COMPILATION_CONDITIONS = "DEBUG $(inherited)";
				SWIFT_APPROACHABLE_CONCURRENCY = YES;
				SWIFT_EMIT_LOC_STRINGS = YES;
				SWIFT_OPTIMIZATION_LEVEL = "-Onone";
				SWIFT_UPCOMING_FEATURE_MEMBER_IMPORT_VISIBILITY = YES;
				SWIFT_VERSION = 5.0;
				TARGETED_DEVICE_FAMILY = "1,2";
			};
			name = Debug;
		};
		BD61F0452EDD022F00456D75 /* Release */ = {
			isa = XCBuildConfiguration;
			buildSettings = {
				ASSETCATALOG_COMPILER_GLOBAL_ACCENT_COLOR_NAME = AccentColor;
				ASSETCATALOG_COMPILER_WIDGET_BACKGROUND_COLOR_NAME = WidgetBackground;
				CLANG_ANALYZER_NUMBER_OBJECT_CONVERSION = YES_AGGRESSIVE;
				CLANG_CXX_LANGUAGE_STANDARD = "gnu++20";
				CLANG_ENABLE_OBJC_WEAK = YES;
				CLANG_WARN_DOCUMENTATION_COMMENTS = YES;
				CLANG_WARN_QUOTED_INCLUDE_IN_FRAMEWORK_HEADER = YES;
				CLANG_WARN_UNGUARDED_AVAILABILITY = YES_AGGRESSIVE;
				CODE_SIGN_ENTITLEMENTS = SocialmeshWidgetsExtension.entitlements;
				CODE_SIGN_IDENTITY = "Apple Development";
				"CODE_SIGN_IDENTITY[sdk=iphoneos*]" = "iPhone Developer";
				CODE_SIGN_STYLE = Manual;
				CURRENT_PROJECT_VERSION = 1;
				DEVELOPMENT_TEAM = "";
				"DEVELOPMENT_TEAM[sdk=iphoneos*]" = U336GVDWCE;
				ENABLE_USER_SCRIPT_SANDBOXING = YES;
				GCC_C_LANGUAGE_STANDARD = gnu17;
				GENERATE_INFOPLIST_FILE = NO;
				INFOPLIST_FILE = SocialmeshWidgets/Info.plist;
				IPHONEOS_DEPLOYMENT_TARGET = 16.6;
				LD_RUNPATH_SEARCH_PATHS = (
					"$(inherited)",
					"@executable_path/Frameworks",
					"@executable_path/../../Frameworks",
				);
				LOCALIZATION_PREFERS_STRING_CATALOGS = YES;
				MARKETING_VERSION = "$(FLUTTER_BUILD_NAME)";
				MTL_FAST_MATH = YES;
				PRODUCT_BUNDLE_IDENTIFIER = com.gotnull.socialmesh.SocialmeshWidgets;
				PRODUCT_NAME = "$(TARGET_NAME)";
				PROVISIONING_PROFILE_SPECIFIER = "";
				"PROVISIONING_PROFILE_SPECIFIER[sdk=iphoneos*]" = "iOS SocialmeshWidgets App Development Profile";
				SKIP_INSTALL = YES;
				STRING_CATALOG_GENERATE_SYMBOLS = YES;
				SWIFT_APPROACHABLE_CONCURRENCY = YES;
				SWIFT_EMIT_LOC_STRINGS = YES;
				SWIFT_UPCOMING_FEATURE_MEMBER_IMPORT_VISIBILITY = YES;
				SWIFT_VERSION = 5.0;
				TARGETED_DEVICE_FAMILY = "1,2";
			};
			name = Release;
		};
		BD61F0462EDD022F00456D75 /* Profile */ = {
			isa = XCBuildConfiguration;
			buildSettings = {
				ASSETCATALOG_COMPILER_GLOBAL_ACCENT_COLOR_NAME = AccentColor;
				ASSETCATALOG_COMPILER_WIDGET_BACKGROUND_COLOR_NAME = WidgetBackground;
				CLANG_ANALYZER_NUMBER_OBJECT_CONVERSION = YES_AGGRESSIVE;
				CLANG_CXX_LANGUAGE_STANDARD = "gnu++20";
				CLANG_ENABLE_OBJC_WEAK = YES;
				CLANG_WARN_DOCUMENTATION_COMMENTS = YES;
				CLANG_WARN_QUOTED_INCLUDE_IN_FRAMEWORK_HEADER = YES;
				CLANG_WARN_UNGUARDED_AVAILABILITY = YES_AGGRESSIVE;
				CODE_SIGN_ENTITLEMENTS = SocialmeshWidgetsExtension.entitlements;
				CODE_SIGN_IDENTITY = "Apple Development";
				"CODE_SIGN_IDENTITY[sdk=iphoneos*]" = "iPhone Developer";
				CODE_SIGN_STYLE = Manual;
				CURRENT_PROJECT_VERSION = 1;
				DEVELOPMENT_TEAM = "";
				"DEVELOPMENT_TEAM[sdk=iphoneos*]" = U336GVDWCE;
				ENABLE_USER_SCRIPT_SANDBOXING = YES;
				GCC_C_LANGUAGE_STANDARD = gnu17;
				GENERATE_INFOPLIST_FILE = NO;
				INFOPLIST_FILE = SocialmeshWidgets/Info.plist;
				IPHONEOS_DEPLOYMENT_TARGET = 16.6;
				LD_RUNPATH_SEARCH_PATHS = (
					"$(inherited)",
					"@executable_path/Frameworks",
					"@executable_path/../../Frameworks",
				);
				LOCALIZATION_PREFERS_STRING_CATALOGS = YES;
				MARKETING_VERSION = "$(FLUTTER_BUILD_NAME)";
				MTL_FAST_MATH = YES;
				PRODUCT_BUNDLE_IDENTIFIER = com.gotnull.socialmesh.SocialmeshWidgets;
				PRODUCT_NAME = "$(TARGET_NAME)";
				PROVISIONING_PROFILE_SPECIFIER = "";
				"PROVISIONING_PROFILE_SPECIFIER[sdk=iphoneos*]" = "iOS SocialmeshWidgets App Development Profile";
				SKIP_INSTALL = YES;
				STRING_CATALOG_GENERATE_SYMBOLS = YES;
				SWIFT_APPROACHABLE_CONCURRENCY = YES;
				SWIFT_EMIT_LOC_STRINGS = YES;
				SWIFT_UPCOMING_FEATURE_MEMBER_IMPORT_VISIBILITY = YES;
				SWIFT_VERSION = 5.0;
				TARGETED_DEVICE_FAMILY = "1,2";
			};
			name = Profile;
		};
		ED2A2332ABD929764E86179F /* Profile */ = {
			isa = XCBuildConfiguration;
			buildSettings = {
				ALWAYS_EMBED_SWIFT_STANDARD_LIBRARIES = YES;
				ASSETCATALOG_COMPILER_APPICON_NAME = AppIcon;
				ASSETCATALOG_COMPILER_GLOBAL_ACCENT_COLOR_NAME = AccentColor;
				CLANG_ENABLE_MODULES = YES;
				CODE_SIGN_IDENTITY = "Apple Development";
				CODE_SIGN_STYLE = Automatic;
				CURRENT_PROJECT_VERSION = 1;
				DEVELOPMENT_TEAM = U336GVDWCE;
				GCC_PREPROCESSOR_DEFINITIONS = (
					"$(inherited)",
					"DEBUG=1",
				);
				GENERATE_INFOPLIST_FILE = YES;
				INFOPLIST_KEY_CFBundleDisplayName = SocialMesh;
				INFOPLIST_KEY_UILaunchScreen_Generation = YES;
				INFOPLIST_KEY_UISupportedInterfaceOrientations = "UIInterfaceOrientationPortrait UIInterfaceOrientationPortraitUpsideDown";
				INFOPLIST_KEY_WKApplication = YES;
				INFOPLIST_KEY_WKCompanionAppBundleIdentifier = com.gotnull.socialmesh;
				LD_RUNPATH_SEARCH_PATHS = (
					"$(inherited)",
					"@executable_path/Frameworks",
				);
				MARKETING_VERSION = 1.0;
				PRODUCT_BUNDLE_IDENTIFIER = com.gotnull.socialmesh.watchkitapp;
				PRODUCT_NAME = SocialMeshWatch;
				PROVISIONING_PROFILE_SPECIFIER = "";
				SDKROOT = watchos;
				SKIP_INSTALL = YES;
				SUPPORTED_PLATFORMS = "watchos watchsimulator";
				SUPPORTS_MACCATALYST = NO;
				SUPPORTS_MAC_DESIGNED_FOR_IPHONE_IPAD = NO;
				SWIFT_OPTIMIZATION_LEVEL = "-Onone";
				SWIFT_VERSION = 5.0;
				TARGETED_DEVICE_FAMILY = 4;
				VALIDATE_PRODUCT = YES;
				WATCHOS_DEPLOYMENT_TARGET = 10.0;
			};
			name = Profile;
		};
		EF5290F61C273A61CB40DF1D /* Debug */ = {
			isa = XCBuildConfiguration;
			buildSettings = {
				CLANG_ANALYZER_NUMBER_OBJECT_CONVERSION = YES_AGGRESSIVE;
				CLANG_CXX_LANGUAGE_STANDARD = "gnu++20";
				CLANG_ENABLE_OBJC_WEAK = YES;
				CLANG_WARN_DOCUMENTATION_COMMENTS = YES;
				CLANG_WARN_QUOTED_INCLUDE_IN_FRAMEWORK_HEADER = YES;
				CLANG_WARN_UNGUARDED_AVAILABILITY = YES_AGGRESSIVE;
				CODE_SIGN_ENTITLEMENTS = CarPlayIntents/CarPlayIntents.entitlements;
				CODE_SIGN_IDENTITY = "Apple Development";
				"CODE_SIGN_IDENTITY[sdk=iphoneos*]" = "iPhone Developer";
				CODE_SIGN_STYLE = Automatic;
				CURRENT_PROJECT_VERSION = 1;
				DEVELOPMENT_TEAM = U336GVDWCE;
				ENABLE_USER_SCRIPT_SANDBOXING = YES;
				GCC_C_LANGUAGE_STANDARD = gnu17;
				GENERATE_INFOPLIST_FILE = YES;
				INFOPLIST_FILE = CarPlayIntents/Info.plist;
				INFOPLIST_KEY_CFBundleDisplayName = CarPlayIntents;
				INFOPLIST_KEY_NSHumanReadableCopyright = "";
				IPHONEOS_DEPLOYMENT_TARGET = 16.6;
				LD_RUNPATH_SEARCH_PATHS = (
					"$(inherited)",
					"@executable_path/Frameworks",
					"@executable_path/../../Frameworks",
				);
				MARKETING_VERSION = "$(FLUTTER_BUILD_NAME)";
				MTL_ENABLE_DEBUG_INFO = INCLUDE_SOURCE;
				MTL_FAST_MATH = YES;
				PRODUCT_BUNDLE_IDENTIFIER = com.gotnull.socialmesh.CarPlayIntents;
				PRODUCT_NAME = "$(TARGET_NAME)";
				SKIP_INSTALL = YES;
				SWIFT_ACTIVE_COMPILATION_CONDITIONS = "DEBUG $(inherited)";
				SWIFT_EMIT_LOC_STRINGS = YES;
				SWIFT_OPTIMIZATION_LEVEL = "-Onone";
				SWIFT_VERSION = 5.0;
				TARGETED_DEVICE_FAMILY = "1,2";
			};
			name = Debug;
		};
		NSE001012026011200000081 /* Debug */ = {
			isa = XCBuildConfiguration;
			buildSettings = {
				CLANG_ANALYZER_NUMBER_OBJECT_CONVERSION = YES_AGGRESSIVE;
				CLANG_CXX_LANGUAGE_STANDARD = "gnu++20";
				CLANG_ENABLE_OBJC_WEAK = YES;
				CLANG_WARN_DOCUMENTATION_COMMENTS = YES;
				CLANG_WARN_QUOTED_INCLUDE_IN_FRAMEWORK_HEADER = YES;
				CLANG_WARN_UNGUARDED_AVAILABILITY = YES_AGGRESSIVE;
				CODE_SIGN_ENTITLEMENTS = NotificationServiceExtension/NotificationServiceExtension.entitlements;
				CODE_SIGN_IDENTITY = "Apple Development";
				"CODE_SIGN_IDENTITY[sdk=iphoneos*]" = "iPhone Developer";
				CODE_SIGN_STYLE = Automatic;
				CURRENT_PROJECT_VERSION = 1;
				DEVELOPMENT_TEAM = U336GVDWCE;
				ENABLE_USER_SCRIPT_SANDBOXING = YES;
				GCC_C_LANGUAGE_STANDARD = gnu17;
				GENERATE_INFOPLIST_FILE = YES;
				INFOPLIST_FILE = NotificationServiceExtension/Info.plist;
				INFOPLIST_KEY_CFBundleDisplayName = NotificationServiceExtension;
				INFOPLIST_KEY_NSHumanReadableCopyright = "";
				IPHONEOS_DEPLOYMENT_TARGET = 16.6;
				LD_RUNPATH_SEARCH_PATHS = (
					"$(inherited)",
					"@executable_path/Frameworks",
					"@executable_path/../../Frameworks",
				);
				MARKETING_VERSION = "$(FLUTTER_BUILD_NAME)";
				MTL_ENABLE_DEBUG_INFO = INCLUDE_SOURCE;
				MTL_FAST_MATH = YES;
				PRODUCT_BUNDLE_IDENTIFIER = com.gotnull.socialmesh.NotificationServiceExtension;
				PRODUCT_NAME = "$(TARGET_NAME)";
				SKIP_INSTALL = YES;
				SWIFT_ACTIVE_COMPILATION_CONDITIONS = "DEBUG $(inherited)";
				SWIFT_EMIT_LOC_STRINGS = YES;
				SWIFT_OPTIMIZATION_LEVEL = "-Onone";
				SWIFT_VERSION = 5.0;
				TARGETED_DEVICE_FAMILY = "1,2";
			};
			name = Debug;
		};
		NSE001012026011200000082 /* Release */ = {
			isa = XCBuildConfiguration;
			buildSettings = {
				CLANG_ANALYZER_NUMBER_OBJECT_CONVERSION = YES_AGGRESSIVE;
				CLANG_CXX_LANGUAGE_STANDARD = "gnu++20";
				CLANG_ENABLE_OBJC_WEAK = YES;
				CLANG_WARN_DOCUMENTATION_COMMENTS = YES;
				CLANG_WARN_QUOTED_INCLUDE_IN_FRAMEWORK_HEADER = YES;
				CLANG_WARN_UNGUARDED_AVAILABILITY = YES_AGGRESSIVE;
				CODE_SIGN_ENTITLEMENTS = NotificationServiceExtension/NotificationServiceExtension.entitlements;
				CODE_SIGN_IDENTITY = "Apple Development";
				"CODE_SIGN_IDENTITY[sdk=iphoneos*]" = "iPhone Developer";
				CODE_SIGN_STYLE = Automatic;
				CURRENT_PROJECT_VERSION = 1;
				DEVELOPMENT_TEAM = U336GVDWCE;
				ENABLE_USER_SCRIPT_SANDBOXING = YES;
				GCC_C_LANGUAGE_STANDARD = gnu17;
				GENERATE_INFOPLIST_FILE = YES;
				INFOPLIST_FILE = NotificationServiceExtension/Info.plist;
				INFOPLIST_KEY_CFBundleDisplayName = NotificationServiceExtension;
				INFOPLIST_KEY_NSHumanReadableCopyright = "";
				IPHONEOS_DEPLOYMENT_TARGET = 16.6;
				LD_RUNPATH_SEARCH_PATHS = (
					"$(inherited)",
					"@executable_path/Frameworks",
					"@executable_path/../../Frameworks",
				);
				MARKETING_VERSION = "$(FLUTTER_BUILD_NAME)";
				MTL_FAST_MATH = YES;
				PRODUCT_BUNDLE_IDENTIFIER = com.gotnull.socialmesh.NotificationServiceExtension;
				PRODUCT_NAME = "$(TARGET_NAME)";
				SKIP_INSTALL = YES;
				SWIFT_EMIT_LOC_STRINGS = YES;
				SWIFT_VERSION = 5.0;
				TARGETED_DEVICE_FAMILY = "1,2";
			};
			name = Release;
		};
		NSE001012026011200000083 /* Profile */ = {
			isa = XCBuildConfiguration;
			buildSettings = {
				CLANG_ANALYZER_NUMBER_OBJECT_CONVERSION = YES_AGGRESSIVE;
				CLANG_CXX_LANGUAGE_STANDARD = "gnu++20";
				CLANG_ENABLE_OBJC_WEAK = YES;
				CLANG_WARN_DOCUMENTATION_COMMENTS = YES;
				CLANG_WARN_QUOTED_INCLUDE_IN_FRAMEWORK_HEADER = YES;
				CLANG_WARN_UNGUARDED_AVAILABILITY = YES_AGGRESSIVE;
				CODE_SIGN_ENTITLEMENTS = NotificationServiceExtension/NotificationServiceExtension.entitlements;
				CODE_SIGN_IDENTITY = "Apple Development";
				"CODE_SIGN_IDENTITY[sdk=iphoneos*]" = "iPhone Developer";
				CODE_SIGN_STYLE = Automatic;
				CURRENT_PROJECT_VERSION = 1;
				DEVELOPMENT_TEAM = U336GVDWCE;
				ENABLE_USER_SCRIPT_SANDBOXING = YES;
				GCC_C_LANGUAGE_STANDARD = gnu17;
				GENERATE_INFOPLIST_FILE = YES;
				INFOPLIST_FILE = NotificationServiceExtension/Info.plist;
				INFOPLIST_KEY_CFBundleDisplayName = NotificationServiceExtension;
				INFOPLIST_KEY_NSHumanReadableCopyright = "";
				IPHONEOS_DEPLOYMENT_TARGET = 16.6;
				LD_RUNPATH_SEARCH_PATHS = (
					"$(inherited)",
					"@executable_path/Frameworks",
					"@executable_path/../../Frameworks",
				);
				MARKETING_VERSION = "$(FLUTTER_BUILD_NAME)";
				MTL_FAST_MATH = YES;
				PRODUCT_BUNDLE_IDENTIFIER = com.gotnull.socialmesh.NotificationServiceExtension;
				PRODUCT_NAME = "$(TARGET_NAME)";
				SKIP_INSTALL = YES;
				SWIFT_EMIT_LOC_STRINGS = YES;
				SWIFT_VERSION = 5.0;
				TARGETED_DEVICE_FAMILY = "1,2";
			};
			name = Profile;
		};
/* End XCBuildConfiguration section */

/* Begin XCConfigurationList section */
		331C8087294A63A400263BE5 /* Build configuration list for PBXNativeTarget "RunnerTests" */ = {
			isa = XCConfigurationList;
			buildConfigurations = (
				331C8088294A63A400263BE5 /* Debug */,
				331C8089294A63A400263BE5 /* Release */,
				331C808A294A63A400263BE5 /* Profile */,
			);
			defaultConfigurationIsVisible = 0;
			defaultConfigurationName = Release;
		};
		42A7656610D8E0F83F82D8A4 /* Build configuration list for PBXNativeTarget "SocialMeshWatch" */ = {
			isa = XCConfigurationList;
			buildConfigurations = (
				AD34B2A8A710ADE76C15EBA1 /* Release */,
				BB374C226D9BD0947E083A4B /* Debug */,
				ED2A2332ABD929764E86179F /* Profile */,
			);
			defaultConfigurationIsVisible = 0;
			defaultConfigurationName = Release;
		};
		97C146E91CF9000F007C117D /* Build configuration list for PBXProject "Runner" */ = {
			isa = XCConfigurationList;
			buildConfigurations = (
				97C147031CF9000F007C117D /* Debug */,
				97C147041CF9000F007C117D /* Release */,
				249021D3217E4FDB00AE95B9 /* Profile */,
			);
			defaultConfigurationIsVisible = 0;
			defaultConfigurationName = Release;
		};
		97C147051CF9000F007C117D /* Build configuration list for PBXNativeTarget "Runner" */ = {
			isa = XCConfigurationList;
			buildConfigurations = (
				97C147061CF9000F007C117D /* Debug */,
				97C147071CF9000F007C117D /* Release */,
				249021D4217E4FDB00AE95B9 /* Profile */,
			);
			defaultConfigurationIsVisible = 0;
			defaultConfigurationName = Release;
		};
		BD61F0482EDD022F00456D75 /* Build configuration list for PBXNativeTarget "SocialmeshWidgetsExtension" */ = {
			isa = XCConfigurationList;
			buildConfigurations = (
				BD61F0442EDD022F00456D75 /* Debug */,
				BD61F0452EDD022F00456D75 /* Release */,
				BD61F0462EDD022F00456D75 /* Profile */,
			);
			defaultConfigurationIsVisible = 0;
			defaultConfigurationName = Release;
		};
		EDAC264C0AA5C8AB455F7CC6 /* Build configuration list for PBXNativeTarget "CarPlayIntents" */ = {
			isa = XCConfigurationList;
			buildConfigurations = (
				766D83511344532B33639E12 /* Release */,
				EF5290F61C273A61CB40DF1D /* Debug */,
				4E22D57FBBA88B326B400FAF /* Profile */,
			);
			defaultConfigurationIsVisible = 0;
			defaultConfigurationName = Release;
		};
		NSE001012026011200000080 /* Build configuration list for PBXNativeTarget "NotificationServiceExtension" */ = {
			isa = XCConfigurationList;
			buildConfigurations = (
				NSE001012026011200000081 /* Debug */,
				NSE001012026011200000082 /* Release */,
				NSE001012026011200000083 /* Profile */,
			);
			defaultConfigurationIsVisible = 0;
			defaultConfigurationName = Release;
		};
/* End XCConfigurationList section */
	};
	rootObject = 97C146E61CF9000F007C117D /* Project object */;
}
